<?xml version="1.0" encoding="utf-8"?>
<Project ToolsVersion="4.0" xmlns="http://schemas.microsoft.com/developer/msbuild/2003">
  <ItemGroup>
    <Filter Include="Source Files">
      <UniqueIdentifier>{4FC737F1-C7A5-4376-A066-2A32D752A2FF}</UniqueIdentifier>
      <Extensions>cpp;cxx;c;def</Extensions>
    </Filter>
    <Filter Include="Header Files">
      <UniqueIdentifier>{93995380-89BD-4b04-88EB-625FBE52EBFB}</UniqueIdentifier>
      <Extensions>h</Extensions>
    </Filter>
    <Filter Include="Generated Files">
      <UniqueIdentifier>{71ED8ED8-ACB9-4CE9-BBE1-E00B30144E11}</UniqueIdentifier>
      <Extensions>moc;h;cpp</Extensions>
      <SourceControlFiles>False</SourceControlFiles>
    </Filter>
    <Filter Include="Generated Files\Debug">
      <UniqueIdentifier>{c7bdb9d2-338d-4c24-983e-498f0975c2c3}</UniqueIdentifier>
      <Extensions>cpp;moc</Extensions>
      <SourceControlFiles>False</SourceControlFiles>
    </Filter>
    <Filter Include="Generated Files\Release">
      <UniqueIdentifier>{91d62283-6083-4fe7-a924-20831b12c523}</UniqueIdentifier>
      <Extensions>cpp;moc</Extensions>
      <SourceControlFiles>False</SourceControlFiles>
    </Filter>
    <Filter Include="Header Files\services">
      <UniqueIdentifier>{b18dff91-a03b-4023-ad8f-489e0dba26c0}</UniqueIdentifier>
    </Filter>
    <Filter Include="Source Files\services">
      <UniqueIdentifier>{adb37bc0-be2c-4dd6-aa00-38330dc1d877}</UniqueIdentifier>
    </Filter>
    <Filter Include="Header Files\serviceHosts">
      <UniqueIdentifier>{0b199a2a-4520-4caa-9212-2759b905ad68}</UniqueIdentifier>
    </Filter>
    <Filter Include=".mythtv">
      <UniqueIdentifier>{ad4fd8ae-b33c-4219-a8b0-642b276e57ff}</UniqueIdentifier>
    </Filter>
  </ItemGroup>
  <ItemGroup>
    <CustomBuild Include="$(mythtv_source)\mythtv\programs\mythbackend\autoexpire.h">
      <Filter>Header Files</Filter>
    </CustomBuild>
    <CustomBuild Include="$(mythtv_source)\mythtv\programs\mythbackend\housekeeper.h">
      <Filter>Header Files</Filter>
    </CustomBuild>
    <CustomBuild Include="$(mythtv_source)\mythtv\programs\mythbackend\mainserver.h">
      <Filter>Header Files</Filter>
    </CustomBuild>
    <CustomBuild Include="$(mythtv_source)\mythtv\programs\mythbackend\scheduler.h">
      <Filter>Header Files</Filter>
    </CustomBuild>
    <CustomBuild Include="$(mythtv_source)\mythtv\programs\mythbackend\server.h">
      <Filter>Header Files</Filter>
    </CustomBuild>
    <CustomBuild Include="$(mythtv_source)\mythtv\programs\mythbackend\services\myth.h">
      <Filter>Header Files\services</Filter>
    </CustomBuild>
    <CustomBuild Include="$(mythtv_source)\mythtv\programs\mythbackend\services\guide.h">
      <Filter>Header Files\services</Filter>
    </CustomBuild>
    <CustomBuild Include="$(mythtv_source)\mythtv\programs\mythbackend\services\content.h">
      <Filter>Header Files\services</Filter>
    </CustomBuild>
    <CustomBuild Include="$(mythtv_source)\mythtv\programs\mythbackend\services\dvr.h">
      <Filter>Header Files\services</Filter>
    </CustomBuild>
    <CustomBuild Include="..\..\config.xml">
      <Filter>.mythtv</Filter>
    </CustomBuild>
    <CustomBuild Include="..\..\mysql.txt">
      <Filter>.mythtv</Filter>
    </CustomBuild>
    <CustomBuild Include="$(mythtv_source)\mythtv\programs\mythbackend\services\channel.h">
      <Filter>Header Files\services</Filter>
    </CustomBuild>
    <CustomBuild Include="$(mythtv_source)\mythtv\programs\mythbackend\services\video.h">
      <Filter>Header Files\services</Filter>
    </CustomBuild>
    <CustomBuild Include="$(mythtv_source)\mythtv\programs\mythbackend\services\capture.h">
      <Filter>Header Files\services</Filter>
    </CustomBuild>
  </ItemGroup>
  <ItemGroup>
    <ClCompile Include="GeneratedFiles\Debug\moc_autoexpire.cpp">
      <Filter>Generated Files\Debug</Filter>
    </ClCompile>
    <ClCompile Include="GeneratedFiles\Release\moc_autoexpire.cpp">
      <Filter>Generated Files\Release</Filter>
    </ClCompile>
    <ClCompile Include="GeneratedFiles\Debug\moc_housekeeper.cpp">
      <Filter>Generated Files\Debug</Filter>
    </ClCompile>
    <ClCompile Include="GeneratedFiles\Release\moc_housekeeper.cpp">
      <Filter>Generated Files\Release</Filter>
    </ClCompile>
    <ClCompile Include="GeneratedFiles\Debug\moc_mainserver.cpp">
      <Filter>Generated Files\Debug</Filter>
    </ClCompile>
    <ClCompile Include="GeneratedFiles\Release\moc_mainserver.cpp">
      <Filter>Generated Files\Release</Filter>
    </ClCompile>
    <ClCompile Include="GeneratedFiles\Debug\moc_scheduler.cpp">
      <Filter>Generated Files\Debug</Filter>
    </ClCompile>
    <ClCompile Include="GeneratedFiles\Release\moc_scheduler.cpp">
      <Filter>Generated Files\Release</Filter>
    </ClCompile>
    <ClCompile Include="GeneratedFiles\Debug\moc_server.cpp">
      <Filter>Generated Files\Debug</Filter>
    </ClCompile>
    <ClCompile Include="GeneratedFiles\Release\moc_server.cpp">
      <Filter>Generated Files\Release</Filter>
    </ClCompile>
    <ClCompile Include="$(mythtv_source)\mythtv\programs\mythbackend\autoexpire.cpp">
      <Filter>Source Files</Filter>
    </ClCompile>
    <ClCompile Include="$(mythtv_source)\mythtv\programs\mythbackend\backendcontext.cpp">
      <Filter>Source Files</Filter>
    </ClCompile>
    <ClCompile Include="$(mythtv_source)\mythtv\programs\mythbackend\backendutil.cpp">
      <Filter>Source Files</Filter>
    </ClCompile>
    <ClCompile Include="$(mythtv_source)\mythtv\programs\mythbackend\encoderlink.cpp">
      <Filter>Source Files</Filter>
    </ClCompile>
    <ClCompile Include="$(mythtv_source)\mythtv\programs\mythbackend\filetransfer.cpp">
      <Filter>Source Files</Filter>
    </ClCompile>
    <ClCompile Include="$(mythtv_source)\mythtv\programs\mythbackend\housekeeper.cpp">
      <Filter>Source Files</Filter>
    </ClCompile>
    <ClCompile Include="$(mythtv_source)\mythtv\programs\mythbackend\httpstatus.cpp">
      <Filter>Source Files</Filter>
    </ClCompile>
    <ClCompile Include="$(mythtv_source)\mythtv\programs\mythbackend\main.cpp">
      <Filter>Source Files</Filter>
    </ClCompile>
    <ClCompile Include="$(mythtv_source)\mythtv\programs\mythbackend\main_helpers.cpp">
      <Filter>Source Files</Filter>
    </ClCompile>
    <ClCompile Include="$(mythtv_source)\mythtv\programs\mythbackend\mainserver.cpp">
      <Filter>Source Files</Filter>
    </ClCompile>
    <ClCompile Include="$(mythtv_source)\mythtv\programs\mythbackend\mediaserver.cpp">
      <Filter>Source Files</Filter>
    </ClCompile>
    <ClCompile Include="$(mythtv_source)\mythtv\programs\mythbackend\playbacksock.cpp">
      <Filter>Source Files</Filter>
    </ClCompile>
    <ClCompile Include="$(mythtv_source)\mythtv\programs\mythbackend\scheduler.cpp">
      <Filter>Source Files</Filter>
    </ClCompile>
    <ClCompile Include="$(mythtv_source)\mythtv\programs\mythbackend\server.cpp">
      <Filter>Source Files</Filter>
    </ClCompile>
    <ClCompile Include="$(mythtv_source)\mythtv\programs\mythbackend\upnpcdsmusic.cpp">
      <Filter>Source Files</Filter>
    </ClCompile>
    <ClCompile Include="$(mythtv_source)\mythtv\programs\mythbackend\upnpcdstv.cpp">
      <Filter>Source Files</Filter>
    </ClCompile>
    <ClCompile Include="$(mythtv_source)\mythtv\programs\mythbackend\upnpcdsvideo.cpp">
      <Filter>Source Files</Filter>
    </ClCompile>
    <ClCompile Include="GeneratedFiles\Debug\moc_myth.cpp">
      <Filter>Generated Files\Debug</Filter>
    </ClCompile>
    <ClCompile Include="GeneratedFiles\Release\moc_myth.cpp">
      <Filter>Generated Files\Release</Filter>
    </ClCompile>
    <ClCompile Include="$(mythtv_source)\mythtv\programs\mythbackend\services\myth.cpp">
      <Filter>Source Files\services</Filter>
    </ClCompile>
    <ClCompile Include="GeneratedFiles\Debug\moc_guide.cpp">
      <Filter>Generated Files\Debug</Filter>
    </ClCompile>
    <ClCompile Include="GeneratedFiles\Release\moc_guide.cpp">
      <Filter>Generated Files\Release</Filter>
    </ClCompile>
    <ClCompile Include="$(mythtv_source)\mythtv\programs\mythbackend\services\guide.cpp">
      <Filter>Source Files\services</Filter>
    </ClCompile>
    <ClCompile Include="$(mythtv_source)\mythtv\programs\mythbackend\services\content.cpp">
      <Filter>Source Files\services</Filter>
    </ClCompile>
    <ClCompile Include="GeneratedFiles\Debug\moc_content.cpp">
      <Filter>Generated Files\Debug</Filter>
    </ClCompile>
    <ClCompile Include="GeneratedFiles\Release\moc_content.cpp">
      <Filter>Generated Files\Release</Filter>
    </ClCompile>
    <ClCompile Include="GeneratedFiles\Debug\moc_dvr.cpp">
      <Filter>Generated Files\Debug</Filter>
    </ClCompile>
    <ClCompile Include="GeneratedFiles\Release\moc_dvr.cpp">
      <Filter>Generated Files\Release</Filter>
    </ClCompile>
    <ClCompile Include="$(mythtv_source)\mythtv\programs\mythbackend\services\serviceUtil.cpp">
      <Filter>Source Files\services</Filter>
    </ClCompile>
    <ClCompile Include="$(mythtv_source)\mythtv\programs\mythbackend\services\dvr.cpp">
      <Filter>Source Files\services</Filter>
    </ClCompile>
    <ClCompile Include="$(mythtv_source)\mythtv\programs\mythbackend\internetContent.cpp">
      <Filter>Source Files</Filter>
    </ClCompile>
    <ClCompile Include="$(mythtv_source)\mythtv\programs\mythbackend\httpconfig.cpp">
      <Filter>Source Files</Filter>
    </ClCompile>
    <ClCompile Include="$(mythtv_source)\mythtv\programs\mythbackend\mythsettings.cpp">
      <Filter>Source Files</Filter>
    </ClCompile>
    <ClCompile Include="GeneratedFiles\Debug\moc_channel.cpp">
      <Filter>Generated Files\Debug</Filter>
    </ClCompile>
    <ClCompile Include="GeneratedFiles\Release\moc_channel.cpp">
      <Filter>Generated Files\Release</Filter>
    </ClCompile>
    <ClCompile Include="$(mythtv_source)\mythtv\programs\mythbackend\services\channel.cpp">
      <Filter>Source Files\services</Filter>
    </ClCompile>
    <ClCompile Include="$(mythtv_source)\mythtv\programs\mythbackend\services\video.cpp">
      <Filter>Source Files\services</Filter>
    </ClCompile>
    <ClCompile Include="GeneratedFiles\Debug\moc_video.cpp">
      <Filter>Generated Files\Debug</Filter>
    </ClCompile>
    <ClCompile Include="GeneratedFiles\Release\moc_video.cpp">
      <Filter>Generated Files\Release</Filter>
    </ClCompile>
    <ClCompile Include="$(mythtv_source)\mythtv\programs\mythbackend\commandlineparser.cpp">
      <Filter>Source Files</Filter>
    </ClCompile>
    <ClCompile Include="$(mythtv_source)\mythtv\programs\mythbackend\services\capture.cpp">
      <Filter>Source Files\services</Filter>
    </ClCompile>
    <ClCompile Include="GeneratedFiles\Debug\moc_capture.cpp">
      <Filter>Generated Files\Debug</Filter>
    </ClCompile>
    <ClCompile Include="GeneratedFiles\Release\moc_capture.cpp">
      <Filter>Generated Files\Release</Filter>
    </ClCompile>
  </ItemGroup>
  <ItemGroup>
    <ClInclude Include="$(mythtv_source)\mythtv\programs\mythbackend\backendcontext.h">
      <Filter>Header Files</Filter>
    </ClInclude>
    <ClInclude Include="$(mythtv_source)\mythtv\programs\mythbackend\backendutil.h">
      <Filter>Header Files</Filter>
    </ClInclude>
    <ClInclude Include="$(mythtv_source)\mythtv\programs\mythbackend\encoderlink.h">
      <Filter>Header Files</Filter>
    </ClInclude>
    <ClInclude Include="$(mythtv_source)\mythtv\programs\mythbackend\filetransfer.h">
      <Filter>Header Files</Filter>
    </ClInclude>
    <ClInclude Include="$(mythtv_source)\mythtv\programs\mythbackend\httpstatus.h">
      <Filter>Header Files</Filter>
    </ClInclude>
    <ClInclude Include="$(mythtv_source)\mythtv\programs\mythbackend\main_helpers.h">
      <Filter>Header Files</Filter>
    </ClInclude>
    <ClInclude Include="$(mythtv_source)\mythtv\programs\mythbackend\mediaserver.h">
      <Filter>Header Files</Filter>
    </ClInclude>
    <ClInclude Include="$(mythtv_source)\mythtv\programs\mythbackend\playbacksock.h">
      <Filter>Header Files</Filter>
    </ClInclude>
    <ClInclude Include="$(mythtv_source)\mythtv\programs\mythbackend\upnpcdsmusic.h">
      <Filter>Header Files</Filter>
    </ClInclude>
    <ClInclude Include="$(mythtv_source)\mythtv\programs\mythbackend\upnpcdstv.h">
      <Filter>Header Files</Filter>
    </ClInclude>
    <ClInclude Include="$(mythtv_source)\mythtv\programs\mythbackend\upnpcdsvideo.h">
      <Filter>Header Files</Filter>
    </ClInclude>
    <ClInclude Include="$(mythtv_source)\mythtv\programs\mythbackend\serviceHosts\mythServiceHost.h">
      <Filter>Header Files\serviceHosts</Filter>
    </ClInclude>
    <ClInclude Include="$(mythtv_source)\mythtv\programs\mythbackend\serviceHosts\guideServiceHost.h">
      <Filter>Header Files\serviceHosts</Filter>
    </ClInclude>
    <ClInclude Include="$(mythtv_source)\mythtv\programs\mythbackend\serviceHosts\contentServiceHost.h">
      <Filter>Header Files\serviceHosts</Filter>
    </ClInclude>
    <ClInclude Include="$(mythtv_source)\mythtv\programs\mythbackend\services\serviceUtil.h">
      <Filter>Header Files\services</Filter>
    </ClInclude>
    <ClInclude Include="$(mythtv_source)\mythtv\programs\mythbackend\internetContent.h">
      <Filter>Header Files</Filter>
    </ClInclude>
    <ClInclude Include="$(mythtv_source)\mythtv\programs\mythbackend\httpconfig.h">
      <Filter>Header Files</Filter>
    </ClInclude>
    <ClInclude Include="$(mythtv_source)\mythtv\programs\mythbackend\mythsettings.h">
      <Filter>Header Files</Filter>
    </ClInclude>
    <ClInclude Include="$(mythtv_source)\mythtv\programs\mythbackend\serviceHosts\dvrServiceHost.h">
      <Filter>Header Files\serviceHosts</Filter>
    </ClInclude>
    <ClInclude Include="$(mythtv_source)\mythtv\programs\mythbackend\serviceHosts\channelServiceHost.h">
      <Filter>Header Files\serviceHosts</Filter>
    </ClInclude>
    <ClInclude Include="$(mythtv_source)\mythtv\programs\mythbackend\serviceHosts\videoServiceHost.h">
      <Filter>Header Files\serviceHosts</Filter>
    </ClInclude>
    <ClInclude Include="$(mythtv_source)\mythtv\programs\mythbackend\commandlineparser.h">
      <Filter>Header Files</Filter>
    </ClInclude>
    <ClInclude Include="$(mythtv_source)\mythtv\programs\mythbackend\serviceHosts\captureServiceHost.h">
      <Filter>Header Files\serviceHosts</Filter>
    </ClInclude>
  </ItemGroup>
</Project>