<?xml version="1.0" encoding="utf-8"?>
<Project ToolsVersion="4.0" xmlns="http://schemas.microsoft.com/developer/msbuild/2003">
  <ItemGroup>
    <Filter Include="Source Files">
      <UniqueIdentifier>{4FC737F1-C7A5-4376-A066-2A32D752A2FF}</UniqueIdentifier>
      <Extensions>cpp;c;cxx;def;odl;idl;hpj;bat;asm;asmx</Extensions>
    </Filter>
    <Filter Include="Header Files">
      <UniqueIdentifier>{93995380-89BD-4b04-88EB-625FBE52EBFB}</UniqueIdentifier>
      <Extensions>h;hpp;hxx;hm;inl;inc;xsd</Extensions>
    </Filter>
    <Filter Include="Generated Files">
      <UniqueIdentifier>{71ED8ED8-ACB9-4CE9-BBE1-E00B30144E11}</UniqueIdentifier>
      <Extensions>cpp;c;cxx;moc;h;def;odl;idl;res;</Extensions>
    </Filter>
    <Filter Include="Generated Files\Debug">
      <UniqueIdentifier>{61222612-cac5-43a2-80b6-ef630bfaaa7c}</UniqueIdentifier>
      <Extensions>cpp;moc</Extensions>
      <SourceControlFiles>False</SourceControlFiles>
    </Filter>
    <Filter Include="Generated Files\Release">
      <UniqueIdentifier>{dd7fbf12-ff86-407a-b843-9d6b4b3e0b0f}</UniqueIdentifier>
      <Extensions>cpp;moc</Extensions>
      <SourceControlFiles>False</SourceControlFiles>
    </Filter>
  </ItemGroup>
  <ItemGroup>
    <ClCompile Include="$(mythtv_source)\mythtv\libs\libmythbase\dbutil.cpp">
      <Filter>Source Files</Filter>
    </ClCompile>
    <ClCompile Include="$(mythtv_source)\mythtv\libs\libmythbase\httpcomms.cpp">
      <Filter>Source Files</Filter>
    </ClCompile>
    <ClCompile Include="$(mythtv_source)\mythtv\libs\libmythbase\iso3166.cpp">
      <Filter>Source Files</Filter>
    </ClCompile>
    <ClCompile Include="$(mythtv_source)\mythtv\libs\libmythbase\iso639.cpp">
      <Filter>Source Files</Filter>
    </ClCompile>
    <ClCompile Include="$(mythtv_source)\mythtv\libs\libmythbase\lcddevice.cpp">
      <Filter>Source Files</Filter>
    </ClCompile>
    <ClCompile Include="$(mythtv_source)\mythtv\libs\libmythbase\mcodecs.cpp">
      <Filter>Source Files</Filter>
    </ClCompile>
    <ClCompile Include="$(mythtv_source)\mythtv\libs\libmythbase\msocketdevice.cpp">
      <Filter>Source Files</Filter>
    </ClCompile>
    <ClCompile Include="$(mythtv_source)\mythtv\libs\libmythbase\msocketdevice_win.cpp">
      <Filter>Source Files</Filter>
    </ClCompile>
    <ClCompile Include="$(mythtv_source)\mythtv\libs\libmythbase\mythcdrom.cpp">
      <Filter>Source Files</Filter>
    </ClCompile>
    <ClCompile Include="$(mythtv_source)\mythtv\libs\libmythbase\mythcorecontext.cpp">
      <Filter>Source Files</Filter>
    </ClCompile>
    <ClCompile Include="$(mythtv_source)\mythtv\libs\libmythbase\mythcoreutil.cpp">
      <Filter>Source Files</Filter>
    </ClCompile>
    <ClCompile Include="$(mythtv_source)\mythtv\libs\libmythbase\mythdb.cpp">
      <Filter>Source Files</Filter>
    </ClCompile>
    <ClCompile Include="$(mythtv_source)\mythtv\libs\libmythbase\mythdbcon.cpp">
      <Filter>Source Files</Filter>
    </ClCompile>
    <ClCompile Include="$(mythtv_source)\mythtv\libs\libmythbase\mythdirs.cpp">
      <Filter>Source Files</Filter>
    </ClCompile>
    <ClCompile Include="$(mythtv_source)\mythtv\libs\libmythbase\mythdownloadmanager.cpp">
      <Filter>Source Files</Filter>
    </ClCompile>
    <ClCompile Include="$(mythtv_source)\mythtv\libs\libmythbase\mythevent.cpp">
      <Filter>Source Files</Filter>
    </ClCompile>
    <ClCompile Include="$(mythtv_source)\mythtv\libs\libmythbase\mythhdd.cpp">
      <Filter>Source Files</Filter>
    </ClCompile>
    <ClCompile Include="$(mythtv_source)\mythtv\libs\libmythbase\mythhttphandler.cpp">
      <Filter>Source Files</Filter>
    </ClCompile>
    <ClCompile Include="$(mythtv_source)\mythtv\libs\libmythbase\mythhttppool.cpp">
      <Filter>Source Files</Filter>
    </ClCompile>
    <ClCompile Include="$(mythtv_source)\mythtv\libs\libmythbase\mythlocale.cpp">
      <Filter>Source Files</Filter>
    </ClCompile>
    <ClCompile Include="$(mythtv_source)\mythtv\libs\libmythbase\mythmedia.cpp">
      <Filter>Source Files</Filter>
    </ClCompile>
    <ClCompile Include="$(mythtv_source)\mythtv\libs\libmythbase\mythobservable.cpp">
      <Filter>Source Files</Filter>
    </ClCompile>
    <ClCompile Include="$(mythtv_source)\mythtv\libs\libmythbase\mythsignalingtimer.cpp">
      <Filter>Source Files</Filter>
    </ClCompile>
    <ClCompile Include="$(mythtv_source)\mythtv\libs\libmythbase\mythsocket.cpp">
      <Filter>Source Files</Filter>
    </ClCompile>
    <ClCompile Include="$(mythtv_source)\mythtv\libs\libmythbase\mythsocketthread.cpp">
      <Filter>Source Files</Filter>
    </ClCompile>
    <ClCompile Include="$(mythtv_source)\mythtv\libs\libmythbase\mythstorage.cpp">
      <Filter>Source Files</Filter>
    </ClCompile>
    <ClCompile Include="$(mythtv_source)\mythtv\libs\libmythbase\mythsystem.cpp">
      <Filter>Source Files</Filter>
    </ClCompile>
    <ClCompile Include="$(mythtv_source)\mythtv\libs\libmythbase\mythtranslation.cpp">
      <Filter>Source Files</Filter>
    </ClCompile>
    <ClCompile Include="$(mythtv_source)\mythtv\libs\libmythbase\oldsettings.cpp">
      <Filter>Source Files</Filter>
    </ClCompile>
    <ClCompile Include="$(mythtv_source)\mythtv\libs\libmythbase\remotefile.cpp">
      <Filter>Source Files</Filter>
    </ClCompile>
    <ClCompile Include="$(mythtv_source)\mythtv\libs\libmythbase\storagegroup.cpp">
      <Filter>Source Files</Filter>
    </ClCompile>
    <ClCompile Include="$(mythtv_source)\mythtv\libs\libmythbase\system-windows.cpp">
      <Filter>Source Files</Filter>
    </ClCompile>
    <ClCompile Include="$(mythtv_source)\mythtv\libs\libmythbase\unzip.cpp">
      <Filter>Source Files</Filter>
    </ClCompile>
    <ClCompile Include="GeneratedFiles\Debug\moc_lcddevice.cpp">
      <Filter>Generated Files\Debug</Filter>
    </ClCompile>
    <ClCompile Include="GeneratedFiles\Release\moc_lcddevice.cpp">
      <Filter>Generated Files\Release</Filter>
    </ClCompile>
    <ClCompile Include="GeneratedFiles\Debug\moc_mythcdrom.cpp">
      <Filter>Generated Files\Debug</Filter>
    </ClCompile>
    <ClCompile Include="GeneratedFiles\Release\moc_mythcdrom.cpp">
      <Filter>Generated Files\Release</Filter>
    </ClCompile>
    <ClCompile Include="GeneratedFiles\Debug\moc_mythdownloadmanager.cpp">
      <Filter>Generated Files\Debug</Filter>
    </ClCompile>
    <ClCompile Include="GeneratedFiles\Release\moc_mythdownloadmanager.cpp">
      <Filter>Generated Files\Release</Filter>
    </ClCompile>
    <ClCompile Include="GeneratedFiles\Debug\moc_mythhttphandler.cpp">
      <Filter>Generated Files\Debug</Filter>
    </ClCompile>
    <ClCompile Include="GeneratedFiles\Release\moc_mythhttphandler.cpp">
      <Filter>Generated Files\Release</Filter>
    </ClCompile>
    <ClCompile Include="GeneratedFiles\Debug\moc_mythmedia.cpp">
      <Filter>Generated Files\Debug</Filter>
    </ClCompile>
    <ClCompile Include="GeneratedFiles\Release\moc_mythmedia.cpp">
      <Filter>Generated Files\Release</Filter>
    </ClCompile>
    <ClCompile Include="GeneratedFiles\Debug\moc_mythsignalingtimer.cpp">
      <Filter>Generated Files\Debug</Filter>
    </ClCompile>
    <ClCompile Include="GeneratedFiles\Release\moc_mythsignalingtimer.cpp">
      <Filter>Generated Files\Release</Filter>
    </ClCompile>
    <ClCompile Include="GeneratedFiles\Debug\moc_mythsystem.cpp">
      <Filter>Generated Files\Debug</Filter>
    </ClCompile>
    <ClCompile Include="GeneratedFiles\Release\moc_mythsystem.cpp">
      <Filter>Generated Files\Release</Filter>
    </ClCompile>
    <ClCompile Include="GeneratedFiles\Debug\moc_system-windows.cpp">
      <Filter>Generated Files\Debug</Filter>
    </ClCompile>
    <ClCompile Include="GeneratedFiles\Release\moc_system-windows.cpp">
      <Filter>Generated Files\Release</Filter>
    </ClCompile>
    <ClCompile Include="GeneratedFiles\Debug\moc_httpcomms.cpp">
      <Filter>Generated Files\Debug</Filter>
    </ClCompile>
    <ClCompile Include="GeneratedFiles\Release\moc_httpcomms.cpp">
      <Filter>Generated Files\Release</Filter>
    </ClCompile>
    <ClCompile Include="GeneratedFiles\Debug\moc_mythlogging.cpp">
      <Filter>Generated Files\Debug</Filter>
    </ClCompile>
    <ClCompile Include="GeneratedFiles\Release\moc_mythlogging.cpp">
      <Filter>Generated Files\Release</Filter>
    </ClCompile>
    <ClCompile Include="$(mythtv_source)\mythtv\libs\libmythbase\referencecounter.cpp">
      <Filter>Source Files</Filter>
    </ClCompile>
    <ClCompile Include="GeneratedFiles\Debug\moc_referencecounter.cpp">
      <Filter>Generated Files\Debug</Filter>
    </ClCompile>
    <ClCompile Include="GeneratedFiles\Release\moc_referencecounter.cpp">
      <Filter>Generated Files\Release</Filter>
    </ClCompile>
    <ClCompile Include="$(mythtv_source)\mythtv\libs\libmythbase\mythcommandlineparser.cpp">
      <Filter>Source Files</Filter>
    </ClCompile>
    <ClCompile Include="$(mythtv_source)\mythtv\libs\libmythbase\logging.cpp">
      <Filter>Source Files</Filter>
    </ClCompile>
    <ClCompile Include="GeneratedFiles\Debug\moc_logging.cpp">
      <Filter>Generated Files\Debug</Filter>
    </ClCompile>
    <ClCompile Include="GeneratedFiles\Release\moc_logging.cpp">
      <Filter>Generated Files\Release</Filter>
    </ClCompile>
    <ClCompile Include="GeneratedFiles\Debug\moc_filesysteminfo.cpp">
      <Filter>Generated Files\Debug</Filter>
    </ClCompile>
    <ClCompile Include="GeneratedFiles\Release\moc_filesysteminfo.cpp">
      <Filter>Generated Files\Release</Filter>
    </ClCompile>
    <ClCompile Include="GeneratedFiles\Debug\moc_hardwareprofile.cpp">
      <Filter>Generated Files\Debug</Filter>
    </ClCompile>
    <ClCompile Include="GeneratedFiles\Release\moc_hardwareprofile.cpp">
      <Filter>Generated Files\Release</Filter>
    </ClCompile>
    <ClCompile Include="$(mythtv_source)\mythtv\libs\libmythbase\filesysteminfo.cpp">
      <Filter>Source Files</Filter>
    </ClCompile>
    <ClCompile Include="$(mythtv_source)\mythtv\libs\libmythbase\hardwareprofile.cpp">
      <Filter>Source Files</Filter>
    </ClCompile>
    <ClCompile Include="$(mythtv_source)\mythtv\libs\libmythbase\mthread.cpp">
      <Filter>Source Files</Filter>
    </ClCompile>
    <ClCompile Include="$(mythtv_source)\mythtv\libs\libmythbase\mthreadpool.cpp">
      <Filter>Source Files</Filter>
    </ClCompile>
    <ClCompile Include="GeneratedFiles\Debug\moc_serverpool.cpp">
      <Filter>Generated Files\Debug</Filter>
    </ClCompile>
    <ClCompile Include="GeneratedFiles\Release\moc_serverpool.cpp">
      <Filter>Generated Files\Release</Filter>
    </ClCompile>
    <ClCompile Include="$(mythtv_source)\mythtv\libs\libmythbase\serverpool.cpp">
      <Filter>Source Files</Filter>
    </ClCompile>
    <ClCompile Include="$(mythtv_source)\mythtv\libs\libmythbase\mythmiscutil.cpp">
      <Filter>Source Files</Filter>
    </ClCompile>
  </ItemGroup>
  <ItemGroup>
    <ClInclude Include="$(mythtv_source)\mythtv\libs\libmythbase\compat.h">
      <Filter>Header Files</Filter>
    </ClInclude>
    <ClInclude Include="mythconfig.h">
      <Filter>Header Files</Filter>
    </ClInclude>
    <ClInclude Include="$(mythtv_source)\mythtv\libs\libmythbase\mythcommandlineparser.h">
      <Filter>Header Files</Filter>
    </ClInclude>
    <ClInclude Include="$(mythtv_source)\mythtv\libs\libmythbase\mthread.h">
      <Filter>Header Files</Filter>
    </ClInclude>
    <ClInclude Include="$(mythtv_source)\mythtv\libs\libmythbase\mthreadpool.h">
      <Filter>Header Files</Filter>
    </ClInclude>
    <ClInclude Include="$(mythtv_source)\mythtv\libs\libmythbase\mythbaseutil.h">
      <Filter>Header Files</Filter>
    </ClInclude>
    <ClInclude Include="$(mythtv_source)\mythtv\libs\libmythbase\mythscheduler.h">
      <Filter>Header Files</Filter>
    </ClInclude>
    <ClInclude Include="$(mythtv_source)\mythtv\libs\libmythbase\verbosedefs.h">
      <Filter>Header Files</Filter>
    </ClInclude>
    <ClInclude Include="$(mythtv_source)\mythtv\libs\libmythbase\version.h">
      <Filter>Header Files</Filter>
    </ClInclude>
    <ClInclude Include="$(mythtv_source)\mythtv\libs\libmythbase\mythmiscutil.h">
      <Filter>Header Files</Filter>
    </ClInclude>
  </ItemGroup>
  <ItemGroup>
    <CustomBuild Include="$(mythtv_source)\mythtv\libs\libmythbase\autodeletedeque.h">
      <Filter>Header Files</Filter>
    </CustomBuild>
    <CustomBuild Include="$(mythtv_source)\mythtv\libs\libmythbase\dbutil.h">
      <Filter>Header Files</Filter>
    </CustomBuild>
    <CustomBuild Include="$(mythtv_source)\mythtv\libs\libmythbase\exitcodes.h">
      <Filter>Header Files</Filter>
    </CustomBuild>
    <CustomBuild Include="$(mythtv_source)\mythtv\libs\libmythbase\iso3166.h">
      <Filter>Header Files</Filter>
    </CustomBuild>
    <CustomBuild Include="$(mythtv_source)\mythtv\libs\libmythbase\iso639.h">
      <Filter>Header Files</Filter>
    </CustomBuild>
    <CustomBuild Include="$(mythtv_source)\mythtv\libs\libmythbase\mcodecs.h">
      <Filter>Header Files</Filter>
    </CustomBuild>
    <CustomBuild Include="$(mythtv_source)\mythtv\libs\libmythbase\msocketdevice.h">
      <Filter>Header Files</Filter>
    </CustomBuild>
    <CustomBuild Include="$(mythtv_source)\mythtv\libs\libmythbase\mythbaseexp.h">
      <Filter>Header Files</Filter>
    </CustomBuild>
    <CustomBuild Include="$(mythtv_source)\mythtv\libs\libmythbase\mythcorecontext.h">
      <Filter>Header Files</Filter>
    </CustomBuild>
    <CustomBuild Include="$(mythtv_source)\mythtv\libs\libmythbase\mythcoreutil.h">
      <Filter>Header Files</Filter>
    </CustomBuild>
    <CustomBuild Include="$(mythtv_source)\mythtv\libs\libmythbase\mythdb.h">
      <Filter>Header Files</Filter>
    </CustomBuild>
    <CustomBuild Include="$(mythtv_source)\mythtv\libs\libmythbase\mythdbcon.h">
      <Filter>Header Files</Filter>
    </CustomBuild>
    <CustomBuild Include="$(mythtv_source)\mythtv\libs\libmythbase\mythdbparams.h">
      <Filter>Header Files</Filter>
    </CustomBuild>
    <CustomBuild Include="$(mythtv_source)\mythtv\libs\libmythbase\mythdeque.h">
      <Filter>Header Files</Filter>
    </CustomBuild>
    <CustomBuild Include="$(mythtv_source)\mythtv\libs\libmythbase\mythdirs.h">
      <Filter>Header Files</Filter>
    </CustomBuild>
    <CustomBuild Include="$(mythtv_source)\mythtv\libs\libmythbase\mythevent.h">
      <Filter>Header Files</Filter>
    </CustomBuild>
    <CustomBuild Include="$(mythtv_source)\mythtv\libs\libmythbase\mythhdd.h">
      <Filter>Header Files</Filter>
    </CustomBuild>
    <CustomBuild Include="$(mythtv_source)\mythtv\libs\libmythbase\mythhttppool.h">
      <Filter>Header Files</Filter>
    </CustomBuild>
    <CustomBuild Include="$(mythtv_source)\mythtv\libs\libmythbase\mythlocale.h">
      <Filter>Header Files</Filter>
    </CustomBuild>
    <CustomBuild Include="$(mythtv_source)\mythtv\libs\libmythbase\mythobservable.h">
      <Filter>Header Files</Filter>
    </CustomBuild>
    <CustomBuild Include="$(mythtv_source)\mythtv\libs\libmythbase\mythsocket.h">
      <Filter>Header Files</Filter>
    </CustomBuild>
    <CustomBuild Include="$(mythtv_source)\mythtv\libs\libmythbase\mythsocket_cb.h">
      <Filter>Header Files</Filter>
    </CustomBuild>
    <CustomBuild Include="$(mythtv_source)\mythtv\libs\libmythbase\mythsocketthread.h">
      <Filter>Header Files</Filter>
    </CustomBuild>
    <CustomBuild Include="$(mythtv_source)\mythtv\libs\libmythbase\mythstorage.h">
      <Filter>Header Files</Filter>
    </CustomBuild>
    <CustomBuild Include="$(mythtv_source)\mythtv\libs\libmythbase\mythtimer.h">
      <Filter>Header Files</Filter>
    </CustomBuild>
    <CustomBuild Include="$(mythtv_source)\mythtv\libs\libmythbase\mythtranslation.h">
      <Filter>Header Files</Filter>
    </CustomBuild>
    <CustomBuild Include="$(mythtv_source)\mythtv\libs\libmythbase\mythverbose.h">
      <Filter>Header Files</Filter>
    </CustomBuild>
    <CustomBuild Include="$(mythtv_source)\mythtv\libs\libmythbase\mythversion.h">
      <Filter>Header Files</Filter>
    </CustomBuild>
    <CustomBuild Include="$(mythtv_source)\mythtv\libs\libmythbase\oldsettings.h">
      <Filter>Header Files</Filter>
    </CustomBuild>
    <CustomBuild Include="$(mythtv_source)\mythtv\libs\libmythbase\remotefile.h">
      <Filter>Header Files</Filter>
    </CustomBuild>
    <CustomBuild Include="$(mythtv_source)\mythtv\libs\libmythbase\storagegroup.h">
      <Filter>Header Files</Filter>
    </CustomBuild>
    <CustomBuild Include="$(mythtv_source)\mythtv\libs\libmythbase\unzip.h">
      <Filter>Header Files</Filter>
    </CustomBuild>
    <CustomBuild Include="$(mythtv_source)\mythtv\libs\libmythbase\unzip_p.h">
      <Filter>Header Files</Filter>
    </CustomBuild>
    <CustomBuild Include="$(mythtv_source)\mythtv\libs\libmythbase\zipentry_p.h">
      <Filter>Header Files</Filter>
    </CustomBuild>
    <CustomBuild Include="$(mythtv_source)\mythtv\libs\libmythbase\httpcomms.h">
      <Filter>Header Files</Filter>
    </CustomBuild>
    <CustomBuild Include="$(mythtv_source)\mythtv\libs\libmythbase\lcddevice.h">
      <Filter>Header Files</Filter>
    </CustomBuild>
    <CustomBuild Include="$(mythtv_source)\mythtv\libs\libmythbase\mythcdrom.h">
      <Filter>Header Files</Filter>
    </CustomBuild>
    <CustomBuild Include="$(mythtv_source)\mythtv\libs\libmythbase\mythdownloadmanager.h">
      <Filter>Header Files</Filter>
    </CustomBuild>
    <CustomBuild Include="$(mythtv_source)\mythtv\libs\libmythbase\mythhttphandler.h">
      <Filter>Header Files</Filter>
    </CustomBuild>
    <CustomBuild Include="$(mythtv_source)\mythtv\libs\libmythbase\mythmedia.h">
      <Filter>Header Files</Filter>
    </CustomBuild>
    <CustomBuild Include="$(mythtv_source)\mythtv\libs\libmythbase\mythsignalingtimer.h">
      <Filter>Header Files</Filter>
    </CustomBuild>
    <CustomBuild Include="$(mythtv_source)\mythtv\libs\libmythbase\mythsystem.h">
      <Filter>Header Files</Filter>
    </CustomBuild>
    <CustomBuild Include="$(mythtv_source)\mythtv\libs\libmythbase\system-windows.h">
      <Filter>Header Files</Filter>
    </CustomBuild>
    <CustomBuild Include="$(mythtv_source)\mythtv\libs\libmythbase\mythlogging.h">
      <Filter>Header Files</Filter>
    </CustomBuild>
    <CustomBuild Include="$(mythtv_source)\mythtv\libs\libmythbase\referencecounter.h">
      <Filter>Header Files</Filter>
    </CustomBuild>
    <CustomBuild Include="$(mythtv_source)\mythtv\libs\libmythbase\logging.h">
      <Filter>Header Files</Filter>
    </CustomBuild>
    <CustomBuild Include="$(mythtv_source)\mythtv\libs\libmythbase\filesysteminfo.h">
      <Filter>Header Files</Filter>
    </CustomBuild>
    <CustomBuild Include="$(mythtv_source)\mythtv\libs\libmythbase\hardwareprofile.h">
      <Filter>Header Files</Filter>
    </CustomBuild>
    <CustomBuild Include="$(mythtv_source)\mythtv\libs\libmythbase\mythsignalingtimer.h">
      <Filter>Header Files</Filter>
    </CustomBuild>
    <CustomBuild Include="$(mythtv_source)\mythtv\libs\libmythbase\serverpool.h">
      <Filter>Header Files</Filter>
    </CustomBuild>
  </ItemGroup>
</Project>