<?xml version="1.0" encoding="utf-8"?>
<Project ToolsVersion="4.0" xmlns="http://schemas.microsoft.com/developer/msbuild/2003">
  <ItemGroup>
    <Filter Include="Source Files">
      <UniqueIdentifier>{4FC737F1-C7A5-4376-A066-2A32D752A2FF}</UniqueIdentifier>
      <Extensions>cpp;cxx;c;def</Extensions>
    </Filter>
    <Filter Include="Header Files">
      <UniqueIdentifier>{93995380-89BD-4b04-88EB-625FBE52EBFB}</UniqueIdentifier>
      <Extensions>h</Extensions>
    </Filter>
    <Filter Include="Generated Files">
      <UniqueIdentifier>{71ED8ED8-ACB9-4CE9-BBE1-E00B30144E11}</UniqueIdentifier>
      <Extensions>moc;h;cpp</Extensions>
      <SourceControlFiles>False</SourceControlFiles>
    </Filter>
    <Filter Include="Generated Files\Debug">
      <UniqueIdentifier>{ac15ffdf-2376-4583-a7c2-c753f687d992}</UniqueIdentifier>
      <Extensions>cpp;moc</Extensions>
      <SourceControlFiles>False</SourceControlFiles>
    </Filter>
    <Filter Include="Generated Files\Release">
      <UniqueIdentifier>{e937cfec-f8fa-4c0d-baa5-a9ab7814ba3a}</UniqueIdentifier>
      <Extensions>cpp;moc</Extensions>
      <SourceControlFiles>False</SourceControlFiles>
    </Filter>
  </ItemGroup>
  <ItemGroup>
    <ClInclude Include="$(mythtv_source)\mythtv\programs\mythtv-setup\backendsettings.h">
      <Filter>Header Files</Filter>
    </ClInclude>
    <ClInclude Include="$(mythtv_source)\mythtv\programs\mythtv-setup\checksetup.h">
      <Filter>Header Files</Filter>
    </ClInclude>
    <ClInclude Include="$(mythtv_source)\mythtv\programs\mythtv-setup\commandlineparser.h">
      <Filter>Header Files</Filter>
    </ClInclude>
  </ItemGroup>
  <ItemGroup>
    <CustomBuild Include="$(mythtv_source)\mythtv\programs\mythtv-setup\channeleditor.h">
      <Filter>Header Files</Filter>
    </CustomBuild>
    <CustomBuild Include="$(mythtv_source)\mythtv\programs\mythtv-setup\exitprompt.h">
      <Filter>Header Files</Filter>
    </CustomBuild>
    <CustomBuild Include="$(mythtv_source)\mythtv\programs\mythtv-setup\expertsettingseditor.h">
      <Filter>Header Files</Filter>
    </CustomBuild>
    <CustomBuild Include="$(mythtv_source)\mythtv\programs\mythtv-setup\importicons.h">
      <Filter>Header Files</Filter>
    </CustomBuild>
    <CustomBuild Include="$(mythtv_source)\mythtv\programs\mythtv-setup\startprompt.h">
      <Filter>Header Files</Filter>
    </CustomBuild>
  </ItemGroup>
  <ItemGroup>
    <ClCompile Include="GeneratedFiles\Debug\moc_channeleditor.cpp">
      <Filter>Generated Files\Debug</Filter>
    </ClCompile>
    <ClCompile Include="GeneratedFiles\Release\moc_channeleditor.cpp">
      <Filter>Generated Files\Release</Filter>
    </ClCompile>
    <ClCompile Include="GeneratedFiles\Debug\moc_exitprompt.cpp">
      <Filter>Generated Files\Debug</Filter>
    </ClCompile>
    <ClCompile Include="GeneratedFiles\Release\moc_exitprompt.cpp">
      <Filter>Generated Files\Release</Filter>
    </ClCompile>
    <ClCompile Include="GeneratedFiles\Debug\moc_expertsettingseditor.cpp">
      <Filter>Generated Files\Debug</Filter>
    </ClCompile>
    <ClCompile Include="GeneratedFiles\Release\moc_expertsettingseditor.cpp">
      <Filter>Generated Files\Release</Filter>
    </ClCompile>
    <ClCompile Include="GeneratedFiles\Debug\moc_importicons.cpp">
      <Filter>Generated Files\Debug</Filter>
    </ClCompile>
    <ClCompile Include="GeneratedFiles\Release\moc_importicons.cpp">
      <Filter>Generated Files\Release</Filter>
    </ClCompile>
    <ClCompile Include="GeneratedFiles\Debug\moc_startprompt.cpp">
      <Filter>Generated Files\Debug</Filter>
    </ClCompile>
    <ClCompile Include="GeneratedFiles\Release\moc_startprompt.cpp">
      <Filter>Generated Files\Release</Filter>
    </ClCompile>
    <ClCompile Include="$(mythtv_source)\mythtv\programs\mythtv-setup\backendsettings.cpp">
      <Filter>Source Files</Filter>
    </ClCompile>
    <ClCompile Include="$(mythtv_source)\mythtv\programs\mythtv-setup\channeleditor.cpp">
      <Filter>Source Files</Filter>
    </ClCompile>
    <ClCompile Include="$(mythtv_source)\mythtv\programs\mythtv-setup\checksetup.cpp">
      <Filter>Source Files</Filter>
    </ClCompile>
    <ClCompile Include="$(mythtv_source)\mythtv\programs\mythtv-setup\exitprompt.cpp">
      <Filter>Source Files</Filter>
    </ClCompile>
    <ClCompile Include="$(mythtv_source)\mythtv\programs\mythtv-setup\importicons.cpp">
      <Filter>Source Files</Filter>
    </ClCompile>
    <ClCompile Include="$(mythtv_source)\mythtv\programs\mythtv-setup\main.cpp">
      <Filter>Source Files</Filter>
    </ClCompile>
    <ClCompile Include="$(mythtv_source)\mythtv\programs\mythtv-setup\startprompt.cpp">
      <Filter>Source Files</Filter>
    </ClCompile>
    <ClCompile Include="$(mythtv_source)\mythtv\programs\mythtv-setup\commandlineparser.cpp">
      <Filter>Source Files</Filter>
    </ClCompile>
  </ItemGroup>
</Project>