<?xml version="1.0" encoding="utf-8"?>
<Project ToolsVersion="4.0" xmlns="http://schemas.microsoft.com/developer/msbuild/2003">
  <ItemGroup>
    <Filter Include="Source Files">
      <UniqueIdentifier>{4FC737F1-C7A5-4376-A066-2A32D752A2FF}</UniqueIdentifier>
      <Extensions>cpp;c;cc;cxx;def;odl;idl;hpj;bat;asm;asmx</Extensions>
    </Filter>
    <Filter Include="Header Files">
      <UniqueIdentifier>{93995380-89BD-4b04-88EB-625FBE52EBFB}</UniqueIdentifier>
      <Extensions>h;hpp;hxx;hm;inl;inc;xsd</Extensions>
    </Filter>
    <Filter Include="Header Files\dvdnav">
      <UniqueIdentifier>{73bf18de-8222-4b7b-b9f3-b7a0677d1e47}</UniqueIdentifier>
    </Filter>
    <Filter Include="Source Files\dvdnav">
      <UniqueIdentifier>{d4f99a83-032b-4cda-b078-75404965829a}</UniqueIdentifier>
    </Filter>
    <Filter Include="Header Files\dvdnav\vm">
      <UniqueIdentifier>{1ec0b75e-1046-486a-96ec-ac7c8a58e3e3}</UniqueIdentifier>
    </Filter>
    <Filter Include="Source Files\dvdnav\vm">
      <UniqueIdentifier>{d5ab09e8-6743-4384-a0f1-2b88f44a3a2b}</UniqueIdentifier>
    </Filter>
    <Filter Include="Header Files\dvdread">
      <UniqueIdentifier>{d1115cf9-3f25-45e8-8231-165e57cf54e5}</UniqueIdentifier>
    </Filter>
    <Filter Include="Source Files\dvdread">
      <UniqueIdentifier>{e0562490-cad8-486e-80b1-c24937d6dfbf}</UniqueIdentifier>
    </Filter>
  </ItemGroup>
  <ItemGroup>
    <ClCompile Include="$(mythtv_source)\mythtv\libs\libmythdvdnav\dvdnav\dvdnav.c">
      <Filter>Source Files\dvdnav</Filter>
    </ClCompile>
    <ClCompile Include="$(mythtv_source)\mythtv\libs\libmythdvdnav\dvdnav\settings.c">
      <Filter>Source Files\dvdnav</Filter>
    </ClCompile>
    <ClCompile Include="$(mythtv_source)\mythtv\libs\libmythdvdnav\dvdnav\highlight.c">
      <Filter>Source Files\dvdnav</Filter>
    </ClCompile>
    <ClCompile Include="$(mythtv_source)\mythtv\libs\libmythdvdnav\dvdnav\navigation.c">
      <Filter>Source Files\dvdnav</Filter>
    </ClCompile>
    <ClCompile Include="$(mythtv_source)\mythtv\libs\libmythdvdnav\dvdnav\read_cache.c">
      <Filter>Source Files\dvdnav</Filter>
    </ClCompile>
    <ClCompile Include="$(mythtv_source)\mythtv\libs\libmythdvdnav\dvdnav\remap.c">
      <Filter>Source Files\dvdnav</Filter>
    </ClCompile>
    <ClCompile Include="$(mythtv_source)\mythtv\libs\libmythdvdnav\dvdnav\searching.c">
      <Filter>Source Files\dvdnav</Filter>
    </ClCompile>
    <ClCompile Include="$(mythtv_source)\mythtv\libs\libmythdvdnav\dvdnav\vm\decoder.c">
      <Filter>Source Files\dvdnav\vm</Filter>
    </ClCompile>
    <ClCompile Include="$(mythtv_source)\mythtv\libs\libmythdvdnav\dvdnav\vm\vmcmd.c">
      <Filter>Source Files\dvdnav\vm</Filter>
    </ClCompile>
    <ClCompile Include="$(mythtv_source)\mythtv\libs\libmythdvdnav\dvdnav\vm\vm.c">
      <Filter>Source Files\dvdnav\vm</Filter>
    </ClCompile>
    <ClCompile Include="$(mythtv_source)\mythtv\libs\libmythdvdnav\dvdread\nav_read.c">
      <Filter>Source Files\dvdread</Filter>
    </ClCompile>
    <ClCompile Include="$(mythtv_source)\mythtv\libs\libmythdvdnav\dvdread\bitreader.c">
      <Filter>Source Files\dvdread</Filter>
    </ClCompile>
    <ClCompile Include="$(mythtv_source)\mythtv\libs\libmythdvdnav\dvdread\dvd_input.c">
      <Filter>Source Files\dvdread</Filter>
    </ClCompile>
    <ClCompile Include="$(mythtv_source)\mythtv\libs\libmythdvdnav\dvdread\dvd_reader.c">
      <Filter>Source Files\dvdread</Filter>
    </ClCompile>
    <ClCompile Include="$(mythtv_source)\mythtv\libs\libmythdvdnav\dvdread\dvd_udf.c">
      <Filter>Source Files\dvdread</Filter>
    </ClCompile>
    <ClCompile Include="$(mythtv_source)\mythtv\libs\libmythdvdnav\dvdread\ifo_print.c">
      <Filter>Source Files\dvdread</Filter>
    </ClCompile>
    <ClCompile Include="$(mythtv_source)\mythtv\libs\libmythdvdnav\dvdread\ifo_read.c">
      <Filter>Source Files\dvdread</Filter>
    </ClCompile>
    <ClCompile Include="$(mythtv_source)\mythtv\libs\libmythdvdnav\dvdread\md5.c">
      <Filter>Source Files\dvdread</Filter>
    </ClCompile>
    <ClCompile Include="$(mythtv_source)\mythtv\libs\libmythdvdnav\dvdread\nav_print.c">
      <Filter>Source Files\dvdread</Filter>
    </ClCompile>
  </ItemGroup>
  <ItemGroup>
    <ClInclude Include="$(mythtv_source)\mythtv\libs\libmythdvdnav\dvdnav\dvd_types.h">
      <Filter>Header Files\dvdnav</Filter>
    </ClInclude>
    <ClInclude Include="$(mythtv_source)\mythtv\libs\libmythdvdnav\dvdnav\remap.h">
      <Filter>Header Files\dvdnav</Filter>
    </ClInclude>
    <ClInclude Include="$(mythtv_source)\mythtv\libs\libmythdvdnav\dvdnav\dvdnav.h">
      <Filter>Header Files\dvdnav</Filter>
    </ClInclude>
    <ClInclude Include="$(mythtv_source)\mythtv\libs\libmythdvdnav\dvdnav\dvdnav_events.h">
      <Filter>Header Files\dvdnav</Filter>
    </ClInclude>
    <ClInclude Include="$(mythtv_source)\mythtv\libs\libmythdvdnav\dvdnav\dvdnav_internal.h">
      <Filter>Header Files\dvdnav</Filter>
    </ClInclude>
    <ClInclude Include="$(mythtv_source)\mythtv\libs\libmythdvdnav\dvdnav\read_cache.h">
      <Filter>Header Files\dvdnav</Filter>
    </ClInclude>
    <ClInclude Include="$(mythtv_source)\mythtv\libs\libmythdvdnav\dvdnav\vm\decoder.h">
      <Filter>Header Files\dvdnav\vm</Filter>
    </ClInclude>
    <ClInclude Include="$(mythtv_source)\mythtv\libs\libmythdvdnav\dvdnav\vm\vmcmd.h">
      <Filter>Header Files\dvdnav\vm</Filter>
    </ClInclude>
    <ClInclude Include="$(mythtv_source)\mythtv\libs\libmythdvdnav\dvdnav\vm\vm.h">
      <Filter>Header Files\dvdnav\vm</Filter>
    </ClInclude>
    <ClInclude Include="$(mythtv_source)\mythtv\libs\libmythdvdnav\dvdread\bitreader.h">
      <Filter>Header Files\dvdread</Filter>
    </ClInclude>
    <ClInclude Include="$(mythtv_source)\mythtv\libs\libmythdvdnav\dvdread\nav_types.h">
      <Filter>Header Files\dvdread</Filter>
    </ClInclude>
    <ClInclude Include="$(mythtv_source)\mythtv\libs\libmythdvdnav\dvdread\bswap.h">
      <Filter>Header Files\dvdread</Filter>
    </ClInclude>
    <ClInclude Include="$(mythtv_source)\mythtv\libs\libmythdvdnav\dvdread\dvd_input.h">
      <Filter>Header Files\dvdread</Filter>
    </ClInclude>
    <ClInclude Include="$(mythtv_source)\mythtv\libs\libmythdvdnav\dvdread\dvd_reader.h">
      <Filter>Header Files\dvdread</Filter>
    </ClInclude>
    <ClInclude Include="$(mythtv_source)\mythtv\libs\libmythdvdnav\dvdread\dvd_udf.h">
      <Filter>Header Files\dvdread</Filter>
    </ClInclude>
    <ClInclude Include="$(mythtv_source)\mythtv\libs\libmythdvdnav\dvdread\dvdread_internal.h">
      <Filter>Header Files\dvdread</Filter>
    </ClInclude>
    <ClInclude Include="$(mythtv_source)\mythtv\libs\libmythdvdnav\dvdread\ifo_print.h">
      <Filter>Header Files\dvdread</Filter>
    </ClInclude>
    <ClInclude Include="$(mythtv_source)\mythtv\libs\libmythdvdnav\dvdread\ifo_read.h">
      <Filter>Header Files\dvdread</Filter>
    </ClInclude>
    <ClInclude Include="$(mythtv_source)\mythtv\libs\libmythdvdnav\dvdread\ifo_types.h">
      <Filter>Header Files\dvdread</Filter>
    </ClInclude>
    <ClInclude Include="$(mythtv_source)\mythtv\libs\libmythdvdnav\dvdread\md5.h">
      <Filter>Header Files\dvdread</Filter>
    </ClInclude>
    <ClInclude Include="$(mythtv_source)\mythtv\libs\libmythdvdnav\dvdread\nav_print.h">
      <Filter>Header Files\dvdread</Filter>
    </ClInclude>
    <ClInclude Include="$(mythtv_source)\mythtv\libs\libmythdvdnav\dvdread\nav_read.h">
      <Filter>Header Files\dvdread</Filter>
    </ClInclude>
  </ItemGroup>
</Project>