<?xml version="1.0" encoding="utf-8"?>
<Project ToolsVersion="4.0" xmlns="http://schemas.microsoft.com/developer/msbuild/2003">
  <ItemGroup>
    <Filter Include="Source Files">
      <UniqueIdentifier>{4FC737F1-C7A5-4376-A066-2A32D752A2FF}</UniqueIdentifier>
      <Extensions>cpp;cxx;c;def</Extensions>
    </Filter>
    <Filter Include="Header Files">
      <UniqueIdentifier>{93995380-89BD-4b04-88EB-625FBE52EBFB}</UniqueIdentifier>
      <Extensions>h</Extensions>
    </Filter>
    <Filter Include="Resource Files">
      <UniqueIdentifier>{D9D6E242-F8AF-46E4-B9FD-80ECBC20BA3E}</UniqueIdentifier>
      <Extensions>qrc;*</Extensions>
      <ParseFiles>false</ParseFiles>
    </Filter>
    <Filter Include="Generated Files">
      <UniqueIdentifier>{71ED8ED8-ACB9-4CE9-BBE1-E00B30144E11}</UniqueIdentifier>
      <Extensions>moc;h;cpp</Extensions>
      <SourceControlFiles>False</SourceControlFiles>
    </Filter>
    <Filter Include="Generated Files\Debug">
      <UniqueIdentifier>{92ea8f75-eeea-488f-b09a-66b6e44d97e8}</UniqueIdentifier>
      <Extensions>cpp;moc</Extensions>
      <SourceControlFiles>False</SourceControlFiles>
    </Filter>
    <Filter Include="Generated Files\Release">
      <UniqueIdentifier>{ee412a0b-1efd-48ed-9623-d0fcc28b0b63}</UniqueIdentifier>
      <Extensions>cpp;moc</Extensions>
      <SourceControlFiles>False</SourceControlFiles>
    </Filter>
    <Filter Include="Header Files\services">
      <UniqueIdentifier>{815fffd6-deea-4d7f-9956-f086fb836455}</UniqueIdentifier>
    </Filter>
    <Filter Include="Header Files\serviceHosts">
      <UniqueIdentifier>{89b4122b-2d86-4cc4-8eb8-745a66ac5f6a}</UniqueIdentifier>
    </Filter>
    <Filter Include="Source Files\services">
      <UniqueIdentifier>{e7e332af-5071-4160-91eb-cac4f47616d1}</UniqueIdentifier>
    </Filter>
  </ItemGroup>
  <ItemGroup>
    <ClInclude Include="$(mythtv_source)\mythtv\programs\mythfrontend\action.h">
      <Filter>Header Files</Filter>
    </ClInclude>
    <ClInclude Include="$(mythtv_source)\mythtv\programs\mythfrontend\actionset.h">
      <Filter>Header Files</Filter>
    </ClInclude>
    <ClInclude Include="$(mythtv_source)\mythtv\programs\mythfrontend\keybindings.h">
      <Filter>Header Files</Filter>
    </ClInclude>
    <ClInclude Include="$(mythtv_source)\mythtv\programs\mythfrontend\main.h">
      <Filter>Header Files</Filter>
    </ClInclude>
    <ClInclude Include="$(mythtv_source)\mythtv\programs\mythfrontend\mediarenderer.h">
      <Filter>Header Files</Filter>
    </ClInclude>
    <ClInclude Include="$(mythtv_source)\mythtv\programs\mythfrontend\mythfexml.h">
      <Filter>Header Files</Filter>
    </ClInclude>
    <ClInclude Include="$(mythtv_source)\mythtv\programs\mythfrontend\playbackboxlistitem.h">
      <Filter>Header Files</Filter>
    </ClInclude>
    <ClInclude Include="$(mythtv_source)\mythtv\programs\mythfrontend\programinfocache.h">
      <Filter>Header Files</Filter>
    </ClInclude>
    <ClInclude Include="$(mythtv_source)\mythtv\programs\mythfrontend\videoglobalsettings.h">
      <Filter>Header Files</Filter>
    </ClInclude>
    <ClInclude Include="$(mythtv_source)\mythtv\programs\mythfrontend\videoplayercommand.h">
      <Filter>Header Files</Filter>
    </ClInclude>
    <ClInclude Include="$(mythtv_source)\mythtv\programs\mythfrontend\videolist.h">
      <Filter>Header Files</Filter>
    </ClInclude>
    <ClInclude Include="$(mythtv_source)\mythtv\programs\mythfrontend\commandlineparser.h">
      <Filter>Header Files</Filter>
    </ClInclude>
    <ClInclude Include="$(mythtv_source)\mythtv\programs\mythfrontend\serviceHosts\frontendServiceHost.h">
      <Filter>Header Files\serviceHosts</Filter>
    </ClInclude>
  </ItemGroup>
  <ItemGroup>
    <CustomBuild Include="$(mythtv_source)\mythtv\programs\mythfrontend\audiogeneralsettings.h">
      <Filter>Header Files</Filter>
    </CustomBuild>
    <CustomBuild Include="$(mythtv_source)\mythtv\programs\mythfrontend\backendconnectionmanager.h">
      <Filter>Header Files</Filter>
    </CustomBuild>
    <CustomBuild Include="$(mythtv_source)\mythtv\programs\mythfrontend\channelrecpriority.h">
      <Filter>Header Files</Filter>
    </CustomBuild>
    <CustomBuild Include="$(mythtv_source)\mythtv\programs\mythfrontend\customedit.h">
      <Filter>Header Files</Filter>
    </CustomBuild>
    <CustomBuild Include="$(mythtv_source)\mythtv\programs\mythfrontend\custompriority.h">
      <Filter>Header Files</Filter>
    </CustomBuild>
    <CustomBuild Include="$(mythtv_source)\mythtv\programs\mythfrontend\exitprompt.h">
      <Filter>Header Files</Filter>
    </CustomBuild>
    <CustomBuild Include="$(mythtv_source)\mythtv\programs\mythfrontend\globalsettings.h">
      <Filter>Header Files</Filter>
    </CustomBuild>
    <CustomBuild Include="$(mythtv_source)\mythtv\programs\mythfrontend\grabbersettings.h">
      <Filter>Header Files</Filter>
    </CustomBuild>
    <CustomBuild Include="$(mythtv_source)\mythtv\programs\mythfrontend\guidegrid.h">
      <Filter>Header Files</Filter>
    </CustomBuild>
    <CustomBuild Include="$(mythtv_source)\mythtv\programs\mythfrontend\keygrabber.h">
      <Filter>Header Files</Filter>
    </CustomBuild>
    <CustomBuild Include="$(mythtv_source)\mythtv\programs\mythfrontend\manualschedule.h">
      <Filter>Header Files</Filter>
    </CustomBuild>
    <CustomBuild Include="$(mythtv_source)\mythtv\programs\mythfrontend\mythcontrols.h">
      <Filter>Header Files</Filter>
    </CustomBuild>
    <CustomBuild Include="$(mythtv_source)\mythtv\programs\mythfrontend\networkcontrol.h">
      <Filter>Header Files</Filter>
    </CustomBuild>
    <CustomBuild Include="$(mythtv_source)\mythtv\programs\mythfrontend\playbackbox.h">
      <Filter>Header Files</Filter>
    </CustomBuild>
    <CustomBuild Include="$(mythtv_source)\mythtv\programs\mythfrontend\playbackboxhelper.h">
      <Filter>Header Files</Filter>
    </CustomBuild>
    <CustomBuild Include="$(mythtv_source)\mythtv\programs\mythfrontend\progdetails.h">
      <Filter>Header Files</Filter>
    </CustomBuild>
    <CustomBuild Include="$(mythtv_source)\mythtv\programs\mythfrontend\progfind.h">
      <Filter>Header Files</Filter>
    </CustomBuild>
    <CustomBuild Include="$(mythtv_source)\mythtv\programs\mythfrontend\proglist.h">
      <Filter>Header Files</Filter>
    </CustomBuild>
    <CustomBuild Include="$(mythtv_source)\mythtv\programs\mythfrontend\proglist_helpers.h">
      <Filter>Header Files</Filter>
    </CustomBuild>
    <CustomBuild Include="$(mythtv_source)\mythtv\programs\mythfrontend\programrecpriority.h">
      <Filter>Header Files</Filter>
    </CustomBuild>
    <CustomBuild Include="$(mythtv_source)\mythtv\programs\mythfrontend\schedulecommon.h">
      <Filter>Header Files</Filter>
    </CustomBuild>
    <CustomBuild Include="$(mythtv_source)\mythtv\programs\mythfrontend\scheduleeditor.h">
      <Filter>Header Files</Filter>
    </CustomBuild>
    <CustomBuild Include="$(mythtv_source)\mythtv\programs\mythfrontend\screenwizard.h">
      <Filter>Header Files</Filter>
    </CustomBuild>
    <CustomBuild Include="$(mythtv_source)\mythtv\programs\mythfrontend\setupwizard_audio.h">
      <Filter>Header Files</Filter>
    </CustomBuild>
    <CustomBuild Include="$(mythtv_source)\mythtv\programs\mythfrontend\setupwizard_general.h">
      <Filter>Header Files</Filter>
    </CustomBuild>
    <CustomBuild Include="$(mythtv_source)\mythtv\programs\mythfrontend\setupwizard_video.h">
      <Filter>Header Files</Filter>
    </CustomBuild>
    <CustomBuild Include="$(mythtv_source)\mythtv\programs\mythfrontend\statusbox.h">
      <Filter>Header Files</Filter>
    </CustomBuild>
    <CustomBuild Include="$(mythtv_source)\mythtv\programs\mythfrontend\themechooser.h">
      <Filter>Header Files</Filter>
    </CustomBuild>
    <CustomBuild Include="$(mythtv_source)\mythtv\programs\mythfrontend\viewscheduled.h">
      <Filter>Header Files</Filter>
    </CustomBuild>
    <CustomBuild Include="$(mythtv_source)\mythtv\programs\mythfrontend\viewschedulediff.h">
      <Filter>Header Files</Filter>
    </CustomBuild>
    <CustomBuild Include="$(mythtv_source)\mythtv\programs\mythfrontend\videofileassoc.h">
      <Filter>Header Files</Filter>
    </CustomBuild>
    <CustomBuild Include="$(mythtv_source)\mythtv\programs\mythfrontend\videometadatasettings.h">
      <Filter>Header Files</Filter>
    </CustomBuild>
    <CustomBuild Include="$(mythtv_source)\mythtv\programs\mythfrontend\videodlg.h">
      <Filter>Header Files</Filter>
    </CustomBuild>
    <CustomBuild Include="$(mythtv_source)\mythtv\programs\mythfrontend\videoplayersettings.h">
      <Filter>Header Files</Filter>
    </CustomBuild>
    <CustomBuild Include="$(mythtv_source)\mythtv\programs\mythfrontend\videopopups.h">
      <Filter>Header Files</Filter>
    </CustomBuild>
    <CustomBuild Include="$(mythtv_source)\mythtv\programs\mythfrontend\videofilter.h">
      <Filter>Header Files</Filter>
    </CustomBuild>
    <CustomBuild Include="GeneratedFiles\Debug\editvideometadata.moc">
      <Filter>Generated Files\Debug</Filter>
    </CustomBuild>
    <CustomBuild Include="GeneratedFiles\Release\editvideometadata.moc">
      <Filter>Generated Files\Release</Filter>
    </CustomBuild>
    <CustomBuild Include="$(mythtv_source)\mythtv\programs\mythfrontend\editvideometadata.h">
      <Filter>Header Files</Filter>
    </CustomBuild>
    <CustomBuild Include="$(mythtv_source)\mythtv\programs\mythfrontend\services\frontend.h">
      <Filter>Header Files\services</Filter>
    </CustomBuild>
    <CustomBuild Include="$(mythtv_source)\mythtv\programs\mythfrontend\upnpscanner.h">
      <Filter>Header Files</Filter>
    </CustomBuild>
    <CustomBuild Include="GeneratedFiles\Debug\main.moc">
      <Filter>Generated Files\Debug</Filter>
    </CustomBuild>
    <CustomBuild Include="GeneratedFiles\Release\main.moc">
      <Filter>Generated Files\Release</Filter>
    </CustomBuild>
    <CustomBuild Include="GeneratedFiles\Debug\videodlg.moc">
      <Filter>Generated Files\Debug</Filter>
    </CustomBuild>
    <CustomBuild Include="GeneratedFiles\Release\videodlg.moc">
      <Filter>Generated Files\Release</Filter>
    </CustomBuild>
    <CustomBuild Include="$(mythtv_source)\mythtv\programs\mythfrontend\idlescreen.h">
      <Filter>Header Files</Filter>
    </CustomBuild>
  </ItemGroup>
  <ItemGroup>
    <ClCompile Include="GeneratedFiles\Debug\moc_audiogeneralsettings.cpp">
      <Filter>Generated Files\Debug</Filter>
    </ClCompile>
    <ClCompile Include="GeneratedFiles\Release\moc_audiogeneralsettings.cpp">
      <Filter>Generated Files\Release</Filter>
    </ClCompile>
    <ClCompile Include="GeneratedFiles\Debug\moc_backendconnectionmanager.cpp">
      <Filter>Generated Files\Debug</Filter>
    </ClCompile>
    <ClCompile Include="GeneratedFiles\Release\moc_backendconnectionmanager.cpp">
      <Filter>Generated Files\Release</Filter>
    </ClCompile>
    <ClCompile Include="GeneratedFiles\Debug\moc_channelrecpriority.cpp">
      <Filter>Generated Files\Debug</Filter>
    </ClCompile>
    <ClCompile Include="GeneratedFiles\Release\moc_channelrecpriority.cpp">
      <Filter>Generated Files\Release</Filter>
    </ClCompile>
    <ClCompile Include="GeneratedFiles\Debug\moc_customedit.cpp">
      <Filter>Generated Files\Debug</Filter>
    </ClCompile>
    <ClCompile Include="GeneratedFiles\Release\moc_customedit.cpp">
      <Filter>Generated Files\Release</Filter>
    </ClCompile>
    <ClCompile Include="GeneratedFiles\Debug\moc_custompriority.cpp">
      <Filter>Generated Files\Debug</Filter>
    </ClCompile>
    <ClCompile Include="GeneratedFiles\Release\moc_custompriority.cpp">
      <Filter>Generated Files\Release</Filter>
    </ClCompile>
    <ClCompile Include="GeneratedFiles\Debug\moc_exitprompt.cpp">
      <Filter>Generated Files\Debug</Filter>
    </ClCompile>
    <ClCompile Include="GeneratedFiles\Release\moc_exitprompt.cpp">
      <Filter>Generated Files\Release</Filter>
    </ClCompile>
    <ClCompile Include="GeneratedFiles\Debug\moc_globalsettings.cpp">
      <Filter>Generated Files\Debug</Filter>
    </ClCompile>
    <ClCompile Include="GeneratedFiles\Release\moc_globalsettings.cpp">
      <Filter>Generated Files\Release</Filter>
    </ClCompile>
    <ClCompile Include="GeneratedFiles\Debug\moc_grabbersettings.cpp">
      <Filter>Generated Files\Debug</Filter>
    </ClCompile>
    <ClCompile Include="GeneratedFiles\Release\moc_grabbersettings.cpp">
      <Filter>Generated Files\Release</Filter>
    </ClCompile>
    <ClCompile Include="GeneratedFiles\Debug\moc_guidegrid.cpp">
      <Filter>Generated Files\Debug</Filter>
    </ClCompile>
    <ClCompile Include="GeneratedFiles\Release\moc_guidegrid.cpp">
      <Filter>Generated Files\Release</Filter>
    </ClCompile>
    <ClCompile Include="GeneratedFiles\Debug\moc_keygrabber.cpp">
      <Filter>Generated Files\Debug</Filter>
    </ClCompile>
    <ClCompile Include="GeneratedFiles\Release\moc_keygrabber.cpp">
      <Filter>Generated Files\Release</Filter>
    </ClCompile>
    <ClCompile Include="GeneratedFiles\Debug\moc_manualschedule.cpp">
      <Filter>Generated Files\Debug</Filter>
    </ClCompile>
    <ClCompile Include="GeneratedFiles\Release\moc_manualschedule.cpp">
      <Filter>Generated Files\Release</Filter>
    </ClCompile>
    <ClCompile Include="GeneratedFiles\Debug\moc_mythcontrols.cpp">
      <Filter>Generated Files\Debug</Filter>
    </ClCompile>
    <ClCompile Include="GeneratedFiles\Release\moc_mythcontrols.cpp">
      <Filter>Generated Files\Release</Filter>
    </ClCompile>
    <ClCompile Include="GeneratedFiles\Debug\moc_networkcontrol.cpp">
      <Filter>Generated Files\Debug</Filter>
    </ClCompile>
    <ClCompile Include="GeneratedFiles\Release\moc_networkcontrol.cpp">
      <Filter>Generated Files\Release</Filter>
    </ClCompile>
    <ClCompile Include="GeneratedFiles\Debug\moc_playbackbox.cpp">
      <Filter>Generated Files\Debug</Filter>
    </ClCompile>
    <ClCompile Include="GeneratedFiles\Release\moc_playbackbox.cpp">
      <Filter>Generated Files\Release</Filter>
    </ClCompile>
    <ClCompile Include="GeneratedFiles\Debug\moc_playbackboxhelper.cpp">
      <Filter>Generated Files\Debug</Filter>
    </ClCompile>
    <ClCompile Include="GeneratedFiles\Release\moc_playbackboxhelper.cpp">
      <Filter>Generated Files\Release</Filter>
    </ClCompile>
    <ClCompile Include="GeneratedFiles\Debug\moc_progdetails.cpp">
      <Filter>Generated Files\Debug</Filter>
    </ClCompile>
    <ClCompile Include="GeneratedFiles\Release\moc_progdetails.cpp">
      <Filter>Generated Files\Release</Filter>
    </ClCompile>
    <ClCompile Include="GeneratedFiles\Debug\moc_progfind.cpp">
      <Filter>Generated Files\Debug</Filter>
    </ClCompile>
    <ClCompile Include="GeneratedFiles\Release\moc_progfind.cpp">
      <Filter>Generated Files\Release</Filter>
    </ClCompile>
    <ClCompile Include="GeneratedFiles\Debug\moc_proglist.cpp">
      <Filter>Generated Files\Debug</Filter>
    </ClCompile>
    <ClCompile Include="GeneratedFiles\Release\moc_proglist.cpp">
      <Filter>Generated Files\Release</Filter>
    </ClCompile>
    <ClCompile Include="GeneratedFiles\Debug\moc_proglist_helpers.cpp">
      <Filter>Generated Files\Debug</Filter>
    </ClCompile>
    <ClCompile Include="GeneratedFiles\Release\moc_proglist_helpers.cpp">
      <Filter>Generated Files\Release</Filter>
    </ClCompile>
    <ClCompile Include="GeneratedFiles\Debug\moc_programrecpriority.cpp">
      <Filter>Generated Files\Debug</Filter>
    </ClCompile>
    <ClCompile Include="GeneratedFiles\Release\moc_programrecpriority.cpp">
      <Filter>Generated Files\Release</Filter>
    </ClCompile>
    <ClCompile Include="GeneratedFiles\Debug\moc_schedulecommon.cpp">
      <Filter>Generated Files\Debug</Filter>
    </ClCompile>
    <ClCompile Include="GeneratedFiles\Release\moc_schedulecommon.cpp">
      <Filter>Generated Files\Release</Filter>
    </ClCompile>
    <ClCompile Include="GeneratedFiles\Debug\moc_scheduleeditor.cpp">
      <Filter>Generated Files\Debug</Filter>
    </ClCompile>
    <ClCompile Include="GeneratedFiles\Release\moc_scheduleeditor.cpp">
      <Filter>Generated Files\Release</Filter>
    </ClCompile>
    <ClCompile Include="GeneratedFiles\Debug\moc_screenwizard.cpp">
      <Filter>Generated Files\Debug</Filter>
    </ClCompile>
    <ClCompile Include="GeneratedFiles\Release\moc_screenwizard.cpp">
      <Filter>Generated Files\Release</Filter>
    </ClCompile>
    <ClCompile Include="GeneratedFiles\Debug\moc_setupwizard_audio.cpp">
      <Filter>Generated Files\Debug</Filter>
    </ClCompile>
    <ClCompile Include="GeneratedFiles\Release\moc_setupwizard_audio.cpp">
      <Filter>Generated Files\Release</Filter>
    </ClCompile>
    <ClCompile Include="GeneratedFiles\Debug\moc_setupwizard_general.cpp">
      <Filter>Generated Files\Debug</Filter>
    </ClCompile>
    <ClCompile Include="GeneratedFiles\Release\moc_setupwizard_general.cpp">
      <Filter>Generated Files\Release</Filter>
    </ClCompile>
    <ClCompile Include="GeneratedFiles\Debug\moc_setupwizard_video.cpp">
      <Filter>Generated Files\Debug</Filter>
    </ClCompile>
    <ClCompile Include="GeneratedFiles\Release\moc_setupwizard_video.cpp">
      <Filter>Generated Files\Release</Filter>
    </ClCompile>
    <ClCompile Include="GeneratedFiles\Debug\moc_statusbox.cpp">
      <Filter>Generated Files\Debug</Filter>
    </ClCompile>
    <ClCompile Include="GeneratedFiles\Release\moc_statusbox.cpp">
      <Filter>Generated Files\Release</Filter>
    </ClCompile>
    <ClCompile Include="GeneratedFiles\Debug\moc_themechooser.cpp">
      <Filter>Generated Files\Debug</Filter>
    </ClCompile>
    <ClCompile Include="GeneratedFiles\Release\moc_themechooser.cpp">
      <Filter>Generated Files\Release</Filter>
    </ClCompile>
    <ClCompile Include="GeneratedFiles\Debug\moc_viewscheduled.cpp">
      <Filter>Generated Files\Debug</Filter>
    </ClCompile>
    <ClCompile Include="GeneratedFiles\Release\moc_viewscheduled.cpp">
      <Filter>Generated Files\Release</Filter>
    </ClCompile>
    <ClCompile Include="GeneratedFiles\Debug\moc_viewschedulediff.cpp">
      <Filter>Generated Files\Debug</Filter>
    </ClCompile>
    <ClCompile Include="GeneratedFiles\Release\moc_viewschedulediff.cpp">
      <Filter>Generated Files\Release</Filter>
    </ClCompile>
    <ClCompile Include="$(mythtv_source)\mythtv\programs\mythfrontend\action.cpp">
      <Filter>Source Files</Filter>
    </ClCompile>
    <ClCompile Include="$(mythtv_source)\mythtv\programs\mythfrontend\actionset.cpp">
      <Filter>Source Files</Filter>
    </ClCompile>
    <ClCompile Include="$(mythtv_source)\mythtv\programs\mythfrontend\audiogeneralsettings.cpp">
      <Filter>Source Files</Filter>
    </ClCompile>
    <ClCompile Include="$(mythtv_source)\mythtv\programs\mythfrontend\backendconnectionmanager.cpp">
      <Filter>Source Files</Filter>
    </ClCompile>
    <ClCompile Include="$(mythtv_source)\mythtv\programs\mythfrontend\channelrecpriority.cpp">
      <Filter>Source Files</Filter>
    </ClCompile>
    <ClCompile Include="$(mythtv_source)\mythtv\programs\mythfrontend\customedit.cpp">
      <Filter>Source Files</Filter>
    </ClCompile>
    <ClCompile Include="$(mythtv_source)\mythtv\programs\mythfrontend\custompriority.cpp">
      <Filter>Source Files</Filter>
    </ClCompile>
    <ClCompile Include="$(mythtv_source)\mythtv\programs\mythfrontend\exitprompt.cpp">
      <Filter>Source Files</Filter>
    </ClCompile>
    <ClCompile Include="$(mythtv_source)\mythtv\programs\mythfrontend\globalsettings.cpp">
      <Filter>Source Files</Filter>
    </ClCompile>
    <ClCompile Include="$(mythtv_source)\mythtv\programs\mythfrontend\grabbersettings.cpp">
      <Filter>Source Files</Filter>
    </ClCompile>
    <ClCompile Include="$(mythtv_source)\mythtv\programs\mythfrontend\guidegrid.cpp">
      <Filter>Source Files</Filter>
    </ClCompile>
    <ClCompile Include="$(mythtv_source)\mythtv\programs\mythfrontend\keybindings.cpp">
      <Filter>Source Files</Filter>
    </ClCompile>
    <ClCompile Include="$(mythtv_source)\mythtv\programs\mythfrontend\keygrabber.cpp">
      <Filter>Source Files</Filter>
    </ClCompile>
    <ClCompile Include="$(mythtv_source)\mythtv\programs\mythfrontend\manualschedule.cpp">
      <Filter>Source Files</Filter>
    </ClCompile>
    <ClCompile Include="$(mythtv_source)\mythtv\programs\mythfrontend\mediarenderer.cpp">
      <Filter>Source Files</Filter>
    </ClCompile>
    <ClCompile Include="$(mythtv_source)\mythtv\programs\mythfrontend\mythcontrols.cpp">
      <Filter>Source Files</Filter>
    </ClCompile>
    <ClCompile Include="$(mythtv_source)\mythtv\programs\mythfrontend\mythfexml.cpp">
      <Filter>Source Files</Filter>
    </ClCompile>
    <ClCompile Include="$(mythtv_source)\mythtv\programs\mythfrontend\networkcontrol.cpp">
      <Filter>Source Files</Filter>
    </ClCompile>
    <ClCompile Include="$(mythtv_source)\mythtv\programs\mythfrontend\playbackbox.cpp">
      <Filter>Source Files</Filter>
    </ClCompile>
    <ClCompile Include="$(mythtv_source)\mythtv\programs\mythfrontend\playbackboxhelper.cpp">
      <Filter>Source Files</Filter>
    </ClCompile>
    <ClCompile Include="$(mythtv_source)\mythtv\programs\mythfrontend\playbackboxlistitem.cpp">
      <Filter>Source Files</Filter>
    </ClCompile>
    <ClCompile Include="$(mythtv_source)\mythtv\programs\mythfrontend\progdetails.cpp">
      <Filter>Source Files</Filter>
    </ClCompile>
    <ClCompile Include="$(mythtv_source)\mythtv\programs\mythfrontend\progfind.cpp">
      <Filter>Source Files</Filter>
    </ClCompile>
    <ClCompile Include="$(mythtv_source)\mythtv\programs\mythfrontend\proglist.cpp">
      <Filter>Source Files</Filter>
    </ClCompile>
    <ClCompile Include="$(mythtv_source)\mythtv\programs\mythfrontend\proglist_helpers.cpp">
      <Filter>Source Files</Filter>
    </ClCompile>
    <ClCompile Include="$(mythtv_source)\mythtv\programs\mythfrontend\programinfocache.cpp">
      <Filter>Source Files</Filter>
    </ClCompile>
    <ClCompile Include="$(mythtv_source)\mythtv\programs\mythfrontend\programrecpriority.cpp">
      <Filter>Source Files</Filter>
    </ClCompile>
    <ClCompile Include="$(mythtv_source)\mythtv\programs\mythfrontend\schedulecommon.cpp">
      <Filter>Source Files</Filter>
    </ClCompile>
    <ClCompile Include="$(mythtv_source)\mythtv\programs\mythfrontend\scheduleeditor.cpp">
      <Filter>Source Files</Filter>
    </ClCompile>
    <ClCompile Include="$(mythtv_source)\mythtv\programs\mythfrontend\screenwizard.cpp">
      <Filter>Source Files</Filter>
    </ClCompile>
    <ClCompile Include="$(mythtv_source)\mythtv\programs\mythfrontend\setupwizard_audio.cpp">
      <Filter>Source Files</Filter>
    </ClCompile>
    <ClCompile Include="$(mythtv_source)\mythtv\programs\mythfrontend\setupwizard_general.cpp">
      <Filter>Source Files</Filter>
    </ClCompile>
    <ClCompile Include="$(mythtv_source)\mythtv\programs\mythfrontend\setupwizard_video.cpp">
      <Filter>Source Files</Filter>
    </ClCompile>
    <ClCompile Include="$(mythtv_source)\mythtv\programs\mythfrontend\statusbox.cpp">
      <Filter>Source Files</Filter>
    </ClCompile>
    <ClCompile Include="$(mythtv_source)\mythtv\programs\mythfrontend\themechooser.cpp">
      <Filter>Source Files</Filter>
    </ClCompile>
    <ClCompile Include="$(mythtv_source)\mythtv\programs\mythfrontend\viewscheduled.cpp">
      <Filter>Source Files</Filter>
    </ClCompile>
    <ClCompile Include="$(mythtv_source)\mythtv\programs\mythfrontend\viewschedulediff.cpp">
      <Filter>Source Files</Filter>
    </ClCompile>
    <ClCompile Include="$(mythtv_source)\mythtv\programs\mythfrontend\videofileassoc.cpp">
      <Filter>Source Files</Filter>
    </ClCompile>
    <ClCompile Include="GeneratedFiles\Debug\moc_videofileassoc.cpp">
      <Filter>Generated Files\Debug</Filter>
    </ClCompile>
    <ClCompile Include="GeneratedFiles\Release\moc_videofileassoc.cpp">
      <Filter>Generated Files\Release</Filter>
    </ClCompile>
    <ClCompile Include="$(mythtv_source)\mythtv\programs\mythfrontend\videometadatasettings.cpp">
      <Filter>Source Files</Filter>
    </ClCompile>
    <ClCompile Include="GeneratedFiles\Debug\moc_videometadatasettings.cpp">
      <Filter>Generated Files\Debug</Filter>
    </ClCompile>
    <ClCompile Include="GeneratedFiles\Release\moc_videometadatasettings.cpp">
      <Filter>Generated Files\Release</Filter>
    </ClCompile>
    <ClCompile Include="$(mythtv_source)\mythtv\programs\mythfrontend\videoglobalsettings.cpp">
      <Filter>Source Files</Filter>
    </ClCompile>
    <ClCompile Include="GeneratedFiles\Debug\moc_videodlg.cpp">
      <Filter>Generated Files\Debug</Filter>
    </ClCompile>
    <ClCompile Include="GeneratedFiles\Release\moc_videodlg.cpp">
      <Filter>Generated Files\Release</Filter>
    </ClCompile>
    <ClCompile Include="$(mythtv_source)\mythtv\programs\mythfrontend\videoplayercommand.cpp">
      <Filter>Source Files</Filter>
    </ClCompile>
    <ClCompile Include="$(mythtv_source)\mythtv\programs\mythfrontend\videoplayersettings.cpp">
      <Filter>Source Files</Filter>
    </ClCompile>
    <ClCompile Include="GeneratedFiles\Debug\moc_videoplayersettings.cpp">
      <Filter>Generated Files\Debug</Filter>
    </ClCompile>
    <ClCompile Include="GeneratedFiles\Release\moc_videoplayersettings.cpp">
      <Filter>Generated Files\Release</Filter>
    </ClCompile>
    <ClCompile Include="$(mythtv_source)\mythtv\programs\mythfrontend\videopopups.cpp">
      <Filter>Source Files</Filter>
    </ClCompile>
    <ClCompile Include="GeneratedFiles\Debug\moc_videopopups.cpp">
      <Filter>Generated Files\Debug</Filter>
    </ClCompile>
    <ClCompile Include="GeneratedFiles\Release\moc_videopopups.cpp">
      <Filter>Generated Files\Release</Filter>
    </ClCompile>
    <ClCompile Include="$(mythtv_source)\mythtv\programs\mythfrontend\videolist.cpp">
      <Filter>Source Files</Filter>
    </ClCompile>
    <ClCompile Include="$(mythtv_source)\mythtv\programs\mythfrontend\commandlineparser.cpp">
      <Filter>Source Files</Filter>
    </ClCompile>
    <ClCompile Include="$(mythtv_source)\mythtv\programs\mythfrontend\videofilter.cpp">
      <Filter>Source Files</Filter>
    </ClCompile>
    <ClCompile Include="GeneratedFiles\Debug\moc_videofilter.cpp">
      <Filter>Generated Files\Debug</Filter>
    </ClCompile>
    <ClCompile Include="GeneratedFiles\Release\moc_videofilter.cpp">
      <Filter>Generated Files\Release</Filter>
    </ClCompile>
    <ClCompile Include="GeneratedFiles\Debug\moc_editvideometadata.cpp">
      <Filter>Generated Files\Debug</Filter>
    </ClCompile>
    <ClCompile Include="GeneratedFiles\Release\moc_editvideometadata.cpp">
      <Filter>Generated Files\Release</Filter>
    </ClCompile>
    <ClCompile Include="$(mythtv_source)\mythtv\programs\mythfrontend\editvideometadata.cpp">
      <Filter>Source Files</Filter>
    </ClCompile>
    <ClCompile Include="GeneratedFiles\Debug\moc_frontend.cpp">
      <Filter>Generated Files\Debug</Filter>
    </ClCompile>
    <ClCompile Include="GeneratedFiles\Release\moc_frontend.cpp">
      <Filter>Generated Files\Release</Filter>
    </ClCompile>
    <ClCompile Include="$(mythtv_source)\mythtv\programs\mythfrontend\services\frontend.cpp">
      <Filter>Source Files\services</Filter>
    </ClCompile>
    <ClCompile Include="$(mythtv_source)\mythtv\programs\mythfrontend\upnpscanner.cpp">
      <Filter>Source Files</Filter>
    </ClCompile>
    <ClCompile Include="GeneratedFiles\Debug\moc_upnpscanner.cpp">
      <Filter>Generated Files\Debug</Filter>
    </ClCompile>
    <ClCompile Include="GeneratedFiles\Release\moc_upnpscanner.cpp">
      <Filter>Generated Files\Release</Filter>
    </ClCompile>
    <ClCompile Include="$(mythtv_source)\mythtv\programs\mythfrontend\videodlg.cpp">
      <Filter>Source Files</Filter>
    </ClCompile>
    <ClCompile Include="GeneratedFiles\Debug\moc_idlescreen.cpp">
      <Filter>Generated Files\Debug</Filter>
    </ClCompile>
    <ClCompile Include="GeneratedFiles\Release\moc_idlescreen.cpp">
      <Filter>Generated Files\Release</Filter>
    </ClCompile>
    <ClCompile Include="$(mythtv_source)\mythtv\programs\mythfrontend\idlescreen.cpp">
      <Filter>Source Files</Filter>
    </ClCompile>
    <ClCompile Include="$(mythtv_source)\mythtv\programs\mythfrontend\main.cpp">
      <Filter>Source Files</Filter>
    </ClCompile>
  </ItemGroup>
  <ItemGroup>
    <None Include="$(mythtv_source)\mythtv\programs\mythfrontend\mythfrontend.icns">
      <Filter>Resource Files</Filter>
    </None>
  </ItemGroup>
</Project>