<?xml version="1.0" encoding="utf-8"?>
<Project ToolsVersion="4.0" xmlns="http://schemas.microsoft.com/developer/msbuild/2003">
  <ItemGroup>
    <Filter Include="Source Files">
      <UniqueIdentifier>{4FC737F1-C7A5-4376-A066-2A32D752A2FF}</UniqueIdentifier>
      <Extensions>cpp;cxx;c;def</Extensions>
    </Filter>
    <Filter Include="Header Files">
      <UniqueIdentifier>{93995380-89BD-4b04-88EB-625FBE52EBFB}</UniqueIdentifier>
      <Extensions>h</Extensions>
    </Filter>
    <Filter Include="Generated Files">
      <UniqueIdentifier>{71ED8ED8-ACB9-4CE9-BBE1-E00B30144E11}</UniqueIdentifier>
      <Extensions>moc;h;cpp</Extensions>
      <SourceControlFiles>False</SourceControlFiles>
    </Filter>
    <Filter Include="Generated Files\Debug">
      <UniqueIdentifier>{b99bfaff-8825-4107-a83a-4eefac4b5d94}</UniqueIdentifier>
      <Extensions>cpp;moc</Extensions>
      <SourceControlFiles>False</SourceControlFiles>
    </Filter>
    <Filter Include="Generated Files\Release">
      <UniqueIdentifier>{14791fdc-7a75-40ca-88cb-e9473e866adc}</UniqueIdentifier>
      <Extensions>cpp;moc</Extensions>
      <SourceControlFiles>False</SourceControlFiles>
    </Filter>
    <Filter Include="Source Files\channelscan">
      <UniqueIdentifier>{1a90a5cb-5f39-42c2-b478-a6b58dfb8e27}</UniqueIdentifier>
    </Filter>
    <Filter Include="Header Files\channelscan">
      <UniqueIdentifier>{907a84e3-3e99-49ba-8d38-af7edfa9acd7}</UniqueIdentifier>
    </Filter>
    <Filter Include="Header Files\mpeg">
      <UniqueIdentifier>{fefdd8f7-977e-48dd-a948-7d7b5c601291}</UniqueIdentifier>
    </Filter>
    <Filter Include="Source Files\mpeg">
      <UniqueIdentifier>{494115b7-7220-43ab-a471-caa87958175a}</UniqueIdentifier>
    </Filter>
    <Filter Include="Source Files\visualisations">
      <UniqueIdentifier>{f953d66e-3dfa-47c8-a0de-5665c73936da}</UniqueIdentifier>
    </Filter>
    <Filter Include="Header Files\visualisations">
      <UniqueIdentifier>{5ef9f9e6-2e66-4ca3-aa4b-5b7a5fc790ee}</UniqueIdentifier>
    </Filter>
  </ItemGroup>
  <ItemGroup>
    <ClInclude Include="$(mythtv_source)\mythtv\libs\libmythtv\channelscan\channelimporter.h">
      <Filter>Header Files\channelscan</Filter>
    </ClInclude>
    <ClInclude Include="$(mythtv_source)\mythtv\libs\libmythtv\channelscan\channelscanmiscsettings.h">
      <Filter>Header Files\channelscan</Filter>
    </ClInclude>
    <ClInclude Include="$(mythtv_source)\mythtv\libs\libmythtv\channelscan\channelscanner.h">
      <Filter>Header Files\channelscan</Filter>
    </ClInclude>
    <ClInclude Include="$(mythtv_source)\mythtv\libs\libmythtv\channelscan\channelscanner_cli.h">
      <Filter>Header Files\channelscan</Filter>
    </ClInclude>
    <ClInclude Include="$(mythtv_source)\mythtv\libs\libmythtv\channelscan\channelscantypes.h">
      <Filter>Header Files\channelscan</Filter>
    </ClInclude>
    <ClInclude Include="$(mythtv_source)\mythtv\libs\libmythtv\channelscan\frequencytablesetting.h">
      <Filter>Header Files\channelscan</Filter>
    </ClInclude>
    <ClInclude Include="$(mythtv_source)\mythtv\libs\libmythtv\channelscan\loglist.h">
      <Filter>Header Files\channelscan</Filter>
    </ClInclude>
    <ClInclude Include="$(mythtv_source)\mythtv\libs\libmythtv\channelscan\modulationsetting.h">
      <Filter>Header Files\channelscan</Filter>
    </ClInclude>
    <ClInclude Include="$(mythtv_source)\mythtv\libs\libmythtv\channelscan\paneall.h">
      <Filter>Header Files\channelscan</Filter>
    </ClInclude>
    <ClInclude Include="$(mythtv_source)\mythtv\libs\libmythtv\channelscan\paneanalog.h">
      <Filter>Header Files\channelscan</Filter>
    </ClInclude>
    <ClInclude Include="$(mythtv_source)\mythtv\libs\libmythtv\channelscan\panedvbc.h">
      <Filter>Header Files\channelscan</Filter>
    </ClInclude>
    <ClInclude Include="$(mythtv_source)\mythtv\libs\libmythtv\channelscan\panedvbs.h">
      <Filter>Header Files\channelscan</Filter>
    </ClInclude>
    <ClInclude Include="$(mythtv_source)\mythtv\libs\libmythtv\channelscan\panedvbs2.h">
      <Filter>Header Files\channelscan</Filter>
    </ClInclude>
    <ClInclude Include="$(mythtv_source)\mythtv\libs\libmythtv\channelscan\panedvbt.h">
      <Filter>Header Files\channelscan</Filter>
    </ClInclude>
    <ClInclude Include="$(mythtv_source)\mythtv\libs\libmythtv\channelscan\paneexistingscanimport.h">
      <Filter>Header Files\channelscan</Filter>
    </ClInclude>
    <ClInclude Include="$(mythtv_source)\mythtv\libs\libmythtv\channelscan\panesingle.h">
      <Filter>Header Files\channelscan</Filter>
    </ClInclude>
    <ClInclude Include="$(mythtv_source)\mythtv\libs\libmythtv\channelscan\scaninfo.h">
      <Filter>Header Files\channelscan</Filter>
    </ClInclude>
    <ClInclude Include="$(mythtv_source)\mythtv\libs\libmythtv\mpeg\atsc_huffman.h">
      <Filter>Header Files\mpeg</Filter>
    </ClInclude>
    <ClInclude Include="$(mythtv_source)\mythtv\libs\libmythtv\mpeg\atscdescriptors.h">
      <Filter>Header Files\mpeg</Filter>
    </ClInclude>
    <ClInclude Include="$(mythtv_source)\mythtv\libs\libmythtv\mpeg\atscstreamdata.h">
      <Filter>Header Files\mpeg</Filter>
    </ClInclude>
    <ClInclude Include="$(mythtv_source)\mythtv\libs\libmythtv\mpeg\atsctables.h">
      <Filter>Header Files\mpeg</Filter>
    </ClInclude>
    <ClInclude Include="$(mythtv_source)\mythtv\libs\libmythtv\mpeg\dishdescriptors.h">
      <Filter>Header Files\mpeg</Filter>
    </ClInclude>
    <ClInclude Include="$(mythtv_source)\mythtv\libs\libmythtv\mpeg\dvbdescriptors.h">
      <Filter>Header Files\mpeg</Filter>
    </ClInclude>
    <ClInclude Include="$(mythtv_source)\mythtv\libs\libmythtv\mpeg\dvbstreamdata.h">
      <Filter>Header Files\mpeg</Filter>
    </ClInclude>
    <ClInclude Include="$(mythtv_source)\mythtv\libs\libmythtv\mpeg\dvbtables.h">
      <Filter>Header Files\mpeg</Filter>
    </ClInclude>
    <ClInclude Include="$(mythtv_source)\mythtv\libs\libmythtv\mpeg\freesat_huffman.h">
      <Filter>Header Files\mpeg</Filter>
    </ClInclude>
    <ClInclude Include="$(mythtv_source)\mythtv\libs\libmythtv\mpeg\freesat_tables.h">
      <Filter>Header Files\mpeg</Filter>
    </ClInclude>
    <ClInclude Include="$(mythtv_source)\mythtv\libs\libmythtv\mpeg\H264Parser.h">
      <Filter>Header Files\mpeg</Filter>
    </ClInclude>
    <ClInclude Include="$(mythtv_source)\mythtv\libs\libmythtv\mpeg\iso6937tables.h">
      <Filter>Header Files\mpeg</Filter>
    </ClInclude>
    <ClInclude Include="$(mythtv_source)\mythtv\libs\libmythtv\mpeg\mpegdescriptors.h">
      <Filter>Header Files\mpeg</Filter>
    </ClInclude>
    <ClInclude Include="$(mythtv_source)\mythtv\libs\libmythtv\mpeg\mpegstreamdata.h">
      <Filter>Header Files\mpeg</Filter>
    </ClInclude>
    <ClInclude Include="$(mythtv_source)\mythtv\libs\libmythtv\mpeg\mpegtables.h">
      <Filter>Header Files\mpeg</Filter>
    </ClInclude>
    <ClInclude Include="$(mythtv_source)\mythtv\libs\libmythtv\mpeg\pespacket.h">
      <Filter>Header Files\mpeg</Filter>
    </ClInclude>
    <ClInclude Include="$(mythtv_source)\mythtv\libs\libmythtv\mpeg\premieredescriptors.h">
      <Filter>Header Files\mpeg</Filter>
    </ClInclude>
    <ClInclude Include="$(mythtv_source)\mythtv\libs\libmythtv\mpeg\premieretables.h">
      <Filter>Header Files\mpeg</Filter>
    </ClInclude>
    <ClInclude Include="$(mythtv_source)\mythtv\libs\libmythtv\mpeg\scanstreamdata.h">
      <Filter>Header Files\mpeg</Filter>
    </ClInclude>
    <ClInclude Include="$(mythtv_source)\mythtv\libs\libmythtv\mpeg\streamlisteners.h">
      <Filter>Header Files\mpeg</Filter>
    </ClInclude>
    <ClInclude Include="$(mythtv_source)\mythtv\libs\libmythtv\mpeg\tspacket.h">
      <Filter>Header Files\mpeg</Filter>
    </ClInclude>
    <ClInclude Include="$(mythtv_source)\mythtv\libs\libmythtv\mpeg\tsstats.h">
      <Filter>Header Files\mpeg</Filter>
    </ClInclude>
    <ClInclude Include="$(mythtv_source)\mythtv\libs\libmythtv\audioinput.h">
      <Filter>Header Files</Filter>
    </ClInclude>
    <ClInclude Include="$(mythtv_source)\mythtv\libs\libmythtv\audioplayer.h">
      <Filter>Header Files</Filter>
    </ClInclude>
    <ClInclude Include="$(mythtv_source)\mythtv\libs\libmythtv\avformatdecoder.h">
      <Filter>Header Files</Filter>
    </ClInclude>
    <ClInclude Include="$(mythtv_source)\mythtv\libs\libmythtv\avformatdecoderbd.h">
      <Filter>Header Files</Filter>
    </ClInclude>
    <ClInclude Include="$(mythtv_source)\mythtv\libs\libmythtv\avformatdecoderdvd.h">
      <Filter>Header Files</Filter>
    </ClInclude>
    <ClInclude Include="$(mythtv_source)\mythtv\libs\libmythtv\avfringbuffer.h">
      <Filter>Header Files</Filter>
    </ClInclude>
    <ClInclude Include="$(mythtv_source)\mythtv\libs\libmythtv\bdoverlayscreen.h">
      <Filter>Header Files</Filter>
    </ClInclude>
    <ClInclude Include="$(mythtv_source)\mythtv\libs\libmythtv\blend.h">
      <Filter>Header Files</Filter>
    </ClInclude>
    <ClInclude Include="$(mythtv_source)\mythtv\libs\libmythtv\cardutil.h">
      <Filter>Header Files</Filter>
    </ClInclude>
    <ClInclude Include="$(mythtv_source)\mythtv\libs\libmythtv\cc608decoder.h">
      <Filter>Header Files</Filter>
    </ClInclude>
    <ClInclude Include="$(mythtv_source)\mythtv\libs\libmythtv\cc608reader.h">
      <Filter>Header Files</Filter>
    </ClInclude>
    <ClInclude Include="$(mythtv_source)\mythtv\libs\libmythtv\cc708decoder.h">
      <Filter>Header Files</Filter>
    </ClInclude>
    <ClInclude Include="$(mythtv_source)\mythtv\libs\libmythtv\cc708reader.h">
      <Filter>Header Files</Filter>
    </ClInclude>
    <ClInclude Include="$(mythtv_source)\mythtv\libs\libmythtv\cc708window.h">
      <Filter>Header Files</Filter>
    </ClInclude>
    <ClInclude Include="$(mythtv_source)\mythtv\libs\libmythtv\channelbase.h">
      <Filter>Header Files</Filter>
    </ClInclude>
    <ClInclude Include="$(mythtv_source)\mythtv\libs\libmythtv\channelchangemonitor.h">
      <Filter>Header Files</Filter>
    </ClInclude>
    <ClInclude Include="$(mythtv_source)\mythtv\libs\libmythtv\channelgroup.h">
      <Filter>Header Files</Filter>
    </ClInclude>
    <ClInclude Include="$(mythtv_source)\mythtv\libs\libmythtv\channelutil.h">
      <Filter>Header Files</Filter>
    </ClInclude>
    <ClInclude Include="$(mythtv_source)\mythtv\libs\libmythtv\commbreakmap.h">
      <Filter>Header Files</Filter>
    </ClInclude>
    <ClInclude Include="$(mythtv_source)\mythtv\libs\libmythtv\datadirect.h">
      <Filter>Header Files</Filter>
    </ClInclude>
    <ClInclude Include="$(mythtv_source)\mythtv\libs\libmythtv\dbchannelinfo.h">
      <Filter>Header Files</Filter>
    </ClInclude>
    <ClInclude Include="$(mythtv_source)\mythtv\libs\libmythtv\dbcheck.h">
      <Filter>Header Files</Filter>
    </ClInclude>
    <ClInclude Include="$(mythtv_source)\mythtv\libs\libmythtv\decoderbase.h">
      <Filter>Header Files</Filter>
    </ClInclude>
    <ClInclude Include="$(mythtv_source)\mythtv\libs\libmythtv\deletemap.h">
      <Filter>Header Files</Filter>
    </ClInclude>
    <ClInclude Include="$(mythtv_source)\mythtv\libs\libmythtv\DetectLetterbox.h">
      <Filter>Header Files</Filter>
    </ClInclude>
    <ClInclude Include="$(mythtv_source)\mythtv\libs\libmythtv\diseqc.h">
      <Filter>Header Files</Filter>
    </ClInclude>
    <ClInclude Include="$(mythtv_source)\mythtv\libs\libmythtv\dsmcc.h">
      <Filter>Header Files</Filter>
    </ClInclude>
    <ClInclude Include="$(mythtv_source)\mythtv\libs\libmythtv\dsmccbiop.h">
      <Filter>Header Files</Filter>
    </ClInclude>
    <ClInclude Include="$(mythtv_source)\mythtv\libs\libmythtv\dsmcccache.h">
      <Filter>Header Files</Filter>
    </ClInclude>
    <ClInclude Include="$(mythtv_source)\mythtv\libs\libmythtv\dsmccobjcarousel.h">
      <Filter>Header Files</Filter>
    </ClInclude>
    <ClInclude Include="$(mythtv_source)\mythtv\libs\libmythtv\dsmccreceiver.h">
      <Filter>Header Files</Filter>
    </ClInclude>
    <ClInclude Include="$(mythtv_source)\mythtv\libs\libmythtv\dtvchannel.h">
      <Filter>Header Files</Filter>
    </ClInclude>
    <ClInclude Include="$(mythtv_source)\mythtv\libs\libmythtv\dtvconfparser.h">
      <Filter>Header Files</Filter>
    </ClInclude>
    <ClInclude Include="$(mythtv_source)\mythtv\libs\libmythtv\dtvconfparserhelpers.h">
      <Filter>Header Files</Filter>
    </ClInclude>
    <ClInclude Include="$(mythtv_source)\mythtv\libs\libmythtv\dtvmultiplex.h">
      <Filter>Header Files</Filter>
    </ClInclude>
    <ClInclude Include="$(mythtv_source)\mythtv\libs\libmythtv\dtvrecorder.h">
      <Filter>Header Files</Filter>
    </ClInclude>
    <ClInclude Include="$(mythtv_source)\mythtv\libs\libmythtv\dtvsignalmonitor.h">
      <Filter>Header Files</Filter>
    </ClInclude>
    <ClInclude Include="$(mythtv_source)\mythtv\libs\libmythtv\dvdringbuffer.h">
      <Filter>Header Files</Filter>
    </ClInclude>
    <ClInclude Include="$(mythtv_source)\mythtv\libs\libmythtv\eitcache.h">
      <Filter>Header Files</Filter>
    </ClInclude>
    <ClInclude Include="$(mythtv_source)\mythtv\libs\libmythtv\eitfixup.h">
      <Filter>Header Files</Filter>
    </ClInclude>
    <ClInclude Include="$(mythtv_source)\mythtv\libs\libmythtv\eithelper.h">
      <Filter>Header Files</Filter>
    </ClInclude>
    <ClInclude Include="$(mythtv_source)\mythtv\libs\libmythtv\eitscanner.h">
      <Filter>Header Files</Filter>
    </ClInclude>
    <ClInclude Include="$(mythtv_source)\mythtv\libs\libmythtv\fileringbuffer.h">
      <Filter>Header Files</Filter>
    </ClInclude>
    <ClInclude Include="$(mythtv_source)\mythtv\libs\libmythtv\filter.h">
      <Filter>Header Files</Filter>
    </ClInclude>
    <ClInclude Include="$(mythtv_source)\mythtv\libs\libmythtv\filtermanager.h">
      <Filter>Header Files</Filter>
    </ClInclude>
    <ClInclude Include="$(mythtv_source)\mythtv\libs\libmythtv\format.h">
      <Filter>Header Files</Filter>
    </ClInclude>
    <ClInclude Include="$(mythtv_source)\mythtv\libs\libmythtv\frame.h">
      <Filter>Header Files</Filter>
    </ClInclude>
    <ClInclude Include="$(mythtv_source)\mythtv\libs\libmythtv\frequencies.h">
      <Filter>Header Files</Filter>
    </ClInclude>
    <ClInclude Include="$(mythtv_source)\mythtv\libs\libmythtv\frequencytables.h">
      <Filter>Header Files</Filter>
    </ClInclude>
    <ClInclude Include="$(mythtv_source)\mythtv\libs\libmythtv\importrecorder.h">
      <Filter>Header Files</Filter>
    </ClInclude>
    <ClInclude Include="$(mythtv_source)\mythtv\libs\libmythtv\inputgroupmap.h">
      <Filter>Header Files</Filter>
    </ClInclude>
    <ClInclude Include="$(mythtv_source)\mythtv\libs\libmythtv\inputinfo.h">
      <Filter>Header Files</Filter>
    </ClInclude>
    <ClInclude Include="$(mythtv_source)\mythtv\libs\libmythtv\interactivescreen.h">
      <Filter>Header Files</Filter>
    </ClInclude>
    <ClInclude Include="$(mythtv_source)\mythtv\libs\libmythtv\interactivetv.h">
      <Filter>Header Files</Filter>
    </ClInclude>
    <ClInclude Include="$(mythtv_source)\mythtv\libs\libmythtv\jitterometer.h">
      <Filter>Header Files</Filter>
    </ClInclude>
    <ClInclude Include="$(mythtv_source)\mythtv\libs\libmythtv\listingsources.h">
      <Filter>Header Files</Filter>
    </ClInclude>
    <ClInclude Include="$(mythtv_source)\mythtv\libs\libmythtv\livetvchain.h">
      <Filter>Header Files</Filter>
    </ClInclude>
    <ClInclude Include="$(mythtv_source)\mythtv\libs\libmythtv\lzoconf.h">
      <Filter>Header Files</Filter>
    </ClInclude>
    <ClInclude Include="$(mythtv_source)\mythtv\libs\libmythtv\minilzo.h">
      <Filter>Header Files</Filter>
    </ClInclude>
    <ClInclude Include="$(mythtv_source)\mythtv\libs\libmythtv\myth_imgconvert.h">
      <Filter>Header Files</Filter>
    </ClInclude>
    <ClInclude Include="$(mythtv_source)\mythtv\libs\libmythtv\mythbdplayer.h">
      <Filter>Header Files</Filter>
    </ClInclude>
    <ClInclude Include="$(mythtv_source)\mythtv\libs\libmythtv\mythcodecid.h">
      <Filter>Header Files</Filter>
    </ClInclude>
    <ClInclude Include="$(mythtv_source)\mythtv\libs\libmythtv\mythcommflagplayer.h">
      <Filter>Header Files</Filter>
    </ClInclude>
    <ClInclude Include="$(mythtv_source)\mythtv\libs\libmythtv\mythdvdplayer.h">
      <Filter>Header Files</Filter>
    </ClInclude>
    <ClInclude Include="$(mythtv_source)\mythtv\libs\libmythtv\mythiowrapper.h">
      <Filter>Header Files</Filter>
    </ClInclude>
    <ClInclude Include="$(mythtv_source)\mythtv\libs\libmythtv\mythtvexp.h">
      <Filter>Header Files</Filter>
    </ClInclude>
    <ClInclude Include="$(mythtv_source)\mythtv\libs\libmythtv\nuppeldecoder.h">
      <Filter>Header Files</Filter>
    </ClInclude>
    <ClInclude Include="$(mythtv_source)\mythtv\libs\libmythtv\NuppelVideoRecorder.h">
      <Filter>Header Files</Filter>
    </ClInclude>
    <ClInclude Include="$(mythtv_source)\mythtv\libs\libmythtv\openglvideo.h">
      <Filter>Header Files</Filter>
    </ClInclude>
    <ClInclude Include="$(mythtv_source)\mythtv\libs\libmythtv\privatedecoder.h">
      <Filter>Header Files</Filter>
    </ClInclude>
    <ClInclude Include="$(mythtv_source)\mythtv\libs\libmythtv\programdata.h">
      <Filter>Header Files</Filter>
    </ClInclude>
    <ClInclude Include="$(mythtv_source)\mythtv\libs\libmythtv\programdetail.h">
      <Filter>Header Files</Filter>
    </ClInclude>
    <ClInclude Include="$(mythtv_source)\mythtv\libs\libmythtv\recordinginfo.h">
      <Filter>Header Files</Filter>
    </ClInclude>
    <ClInclude Include="$(mythtv_source)\mythtv\libs\libmythtv\recordingrule.h">
      <Filter>Header Files</Filter>
    </ClInclude>
    <ClInclude Include="$(mythtv_source)\mythtv\libs\libmythtv\remoteencoder.h">
      <Filter>Header Files</Filter>
    </ClInclude>
    <ClInclude Include="$(mythtv_source)\mythtv\libs\libmythtv\ringbuffer.h">
      <Filter>Header Files</Filter>
    </ClInclude>
    <ClInclude Include="$(mythtv_source)\mythtv\libs\libmythtv\RTjpegN.h">
      <Filter>Header Files</Filter>
    </ClInclude>
    <ClInclude Include="$(mythtv_source)\mythtv\libs\libmythtv\scheduledrecording.h">
      <Filter>Header Files</Filter>
    </ClInclude>
    <ClInclude Include="$(mythtv_source)\mythtv\libs\libmythtv\signalmonitorlistener.h">
      <Filter>Header Files</Filter>
    </ClInclude>
    <ClInclude Include="$(mythtv_source)\mythtv\libs\libmythtv\signalmonitorvalue.h">
      <Filter>Header Files</Filter>
    </ClInclude>
    <ClInclude Include="$(mythtv_source)\mythtv\libs\libmythtv\sourceutil.h">
      <Filter>Header Files</Filter>
    </ClInclude>
    <ClInclude Include="$(mythtv_source)\mythtv\libs\libmythtv\streamingringbuffer.h">
      <Filter>Header Files</Filter>
    </ClInclude>
    <ClInclude Include="$(mythtv_source)\mythtv\libs\libmythtv\subtitlereader.h">
      <Filter>Header Files</Filter>
    </ClInclude>
    <ClInclude Include="$(mythtv_source)\mythtv\libs\libmythtv\subtitlescreen.h">
      <Filter>Header Files</Filter>
    </ClInclude>
    <ClInclude Include="$(mythtv_source)\mythtv\libs\libmythtv\teletextdecoder.h">
      <Filter>Header Files</Filter>
    </ClInclude>
    <ClInclude Include="$(mythtv_source)\mythtv\libs\libmythtv\teletextreader.h">
      <Filter>Header Files</Filter>
    </ClInclude>
    <ClInclude Include="$(mythtv_source)\mythtv\libs\libmythtv\teletextscreen.h">
      <Filter>Header Files</Filter>
    </ClInclude>
    <ClInclude Include="$(mythtv_source)\mythtv\libs\libmythtv\textsubtitleparser.h">
      <Filter>Header Files</Filter>
    </ClInclude>
    <ClInclude Include="$(mythtv_source)\mythtv\libs\libmythtv\tv.h">
      <Filter>Header Files</Filter>
    </ClInclude>
    <ClInclude Include="$(mythtv_source)\mythtv\libs\libmythtv\tvbrowsehelper.h">
      <Filter>Header Files</Filter>
    </ClInclude>
    <ClInclude Include="$(mythtv_source)\mythtv\libs\libmythtv\tvremoteutil.h">
      <Filter>Header Files</Filter>
    </ClInclude>
    <ClInclude Include="$(mythtv_source)\mythtv\libs\libmythtv\util-opengl.h">
      <Filter>Header Files</Filter>
    </ClInclude>
    <ClInclude Include="$(mythtv_source)\mythtv\libs\libmythtv\util-osd.h">
      <Filter>Header Files</Filter>
    </ClInclude>
    <ClInclude Include="$(mythtv_source)\mythtv\libs\libmythtv\vbilut.h">
      <Filter>Header Files</Filter>
    </ClInclude>
    <ClInclude Include="$(mythtv_source)\mythtv\libs\libmythtv\videobuffers.h">
      <Filter>Header Files</Filter>
    </ClInclude>
    <ClInclude Include="$(mythtv_source)\mythtv\libs\libmythtv\videocolourspace.h">
      <Filter>Header Files</Filter>
    </ClInclude>
    <ClInclude Include="$(mythtv_source)\mythtv\libs\libmythtv\videodbcheck.h">
      <Filter>Header Files</Filter>
    </ClInclude>
    <ClInclude Include="$(mythtv_source)\mythtv\libs\libmythtv\videodisplayprofile.h">
      <Filter>Header Files</Filter>
    </ClInclude>
    <ClInclude Include="$(mythtv_source)\mythtv\libs\libmythtv\videometadatautil.h">
      <Filter>Header Files</Filter>
    </ClInclude>
    <ClInclude Include="$(mythtv_source)\mythtv\libs\libmythtv\videoout_d3d.h">
      <Filter>Header Files</Filter>
    </ClInclude>
    <ClInclude Include="$(mythtv_source)\mythtv\libs\libmythtv\videoout_null.h">
      <Filter>Header Files</Filter>
    </ClInclude>
    <ClInclude Include="$(mythtv_source)\mythtv\libs\libmythtv\videoout_opengl.h">
      <Filter>Header Files</Filter>
    </ClInclude>
    <ClInclude Include="$(mythtv_source)\mythtv\libs\libmythtv\videooutbase.h">
      <Filter>Header Files</Filter>
    </ClInclude>
    <ClInclude Include="$(mythtv_source)\mythtv\libs\libmythtv\videoouttypes.h">
      <Filter>Header Files</Filter>
    </ClInclude>
    <ClInclude Include="$(mythtv_source)\mythtv\libs\libmythtv\videooutwindow.h">
      <Filter>Header Files</Filter>
    </ClInclude>
    <ClInclude Include="$(mythtv_source)\mythtv\libs\libmythtv\vsync.h">
      <Filter>Header Files</Filter>
    </ClInclude>
    <ClInclude Include="$(mythtv_source)\mythtv\libs\libmythtv\xine_demux_sputext.h">
      <Filter>Header Files</Filter>
    </ClInclude>
    <ClInclude Include="$(mythtv_source)\mythtv\libs\libmythtv\yuv2rgb.h">
      <Filter>Header Files</Filter>
    </ClInclude>
    <ClInclude Include="$(mythtv_source)\mythtv\libs\libmythtv\dxva2decoder.h">
      <Filter>Header Files</Filter>
    </ClInclude>
    <ClInclude Include="$(mythtv_source)\mythtv\libs\libmythtv\visualisations\videovisual.h">
      <Filter>Header Files\visualisations</Filter>
    </ClInclude>
    <ClInclude Include="$(mythtv_source)\mythtv\libs\libmythtv\recordingquality.h">
      <Filter>Header Files</Filter>
    </ClInclude>
    <ClInclude Include="$(mythtv_source)\mythtv\libs\libmythtv\metadataimagehelper.h">
      <Filter>Header Files</Filter>
    </ClInclude>
    <ClInclude Include="$(mythtv_source)\mythtv\libs\libmythtv\httplivestream.h">
      <Filter>Header Files</Filter>
    </ClInclude>
  </ItemGroup>
  <ItemGroup>
    <CustomBuild Include="$(mythtv_source)\mythtv\libs\libmythtv\channelscan\scanwizardconfig.h">
      <Filter>Header Files\channelscan</Filter>
    </CustomBuild>
    <CustomBuild Include="$(mythtv_source)\mythtv\libs\libmythtv\channelscan\channelscanner_gui.h">
      <Filter>Header Files\channelscan</Filter>
    </CustomBuild>
    <CustomBuild Include="$(mythtv_source)\mythtv\libs\libmythtv\channelscan\channelscanner_gui_scan_pane.h">
      <Filter>Header Files\channelscan</Filter>
    </CustomBuild>
    <CustomBuild Include="$(mythtv_source)\mythtv\libs\libmythtv\channelscan\inputselectorsetting.h">
      <Filter>Header Files\channelscan</Filter>
    </CustomBuild>
    <CustomBuild Include="$(mythtv_source)\mythtv\libs\libmythtv\channelscan\multiplexsetting.h">
      <Filter>Header Files\channelscan</Filter>
    </CustomBuild>
    <CustomBuild Include="$(mythtv_source)\mythtv\libs\libmythtv\channelscan\paneatsc.h">
      <Filter>Header Files\channelscan</Filter>
    </CustomBuild>
    <CustomBuild Include="$(mythtv_source)\mythtv\libs\libmythtv\channelscan\panedvbutilsimport.h">
      <Filter>Header Files\channelscan</Filter>
    </CustomBuild>
    <CustomBuild Include="$(mythtv_source)\mythtv\libs\libmythtv\channelscan\scanmonitor.h">
      <Filter>Header Files\channelscan</Filter>
    </CustomBuild>
    <CustomBuild Include="$(mythtv_source)\mythtv\libs\libmythtv\channelgroupsettings.h">
      <Filter>Header Files</Filter>
    </CustomBuild>
    <CustomBuild Include="$(mythtv_source)\mythtv\libs\libmythtv\channelsettings.h">
      <Filter>Header Files</Filter>
    </CustomBuild>
    <CustomBuild Include="$(mythtv_source)\mythtv\libs\libmythtv\DeviceReadBuffer.h">
      <Filter>Header Files</Filter>
    </CustomBuild>
    <CustomBuild Include="$(mythtv_source)\mythtv\libs\libmythtv\diseqcsettings.h">
      <Filter>Header Files</Filter>
    </CustomBuild>
    <CustomBuild Include="$(mythtv_source)\mythtv\libs\libmythtv\jobqueue.h">
      <Filter>Header Files</Filter>
    </CustomBuild>
    <CustomBuild Include="$(mythtv_source)\mythtv\libs\libmythtv\mythplayer.h">
      <Filter>Header Files</Filter>
    </CustomBuild>
    <CustomBuild Include="$(mythtv_source)\mythtv\libs\libmythtv\mythsystemevent.h">
      <Filter>Header Files</Filter>
    </CustomBuild>
    <CustomBuild Include="$(mythtv_source)\mythtv\libs\libmythtv\osd.h">
      <Filter>Header Files</Filter>
    </CustomBuild>
    <CustomBuild Include="$(mythtv_source)\mythtv\libs\libmythtv\playercontext.h">
      <Filter>Header Files</Filter>
    </CustomBuild>
    <CustomBuild Include="$(mythtv_source)\mythtv\libs\libmythtv\playgroup.h">
      <Filter>Header Files</Filter>
    </CustomBuild>
    <CustomBuild Include="$(mythtv_source)\mythtv\libs\libmythtv\previewgenerator.h">
      <Filter>Header Files</Filter>
    </CustomBuild>
    <CustomBuild Include="$(mythtv_source)\mythtv\libs\libmythtv\previewgeneratorqueue.h">
      <Filter>Header Files</Filter>
    </CustomBuild>
    <CustomBuild Include="$(mythtv_source)\mythtv\libs\libmythtv\profilegroup.h">
      <Filter>Header Files</Filter>
    </CustomBuild>
    <CustomBuild Include="$(mythtv_source)\mythtv\libs\libmythtv\recordingprofile.h">
      <Filter>Header Files</Filter>
    </CustomBuild>
    <CustomBuild Include="$(mythtv_source)\mythtv\libs\libmythtv\scanwizard.h">
      <Filter>Header Files</Filter>
    </CustomBuild>
    <CustomBuild Include="$(mythtv_source)\mythtv\libs\libmythtv\ThreadedFileWriter.h">
      <Filter>Header Files</Filter>
    </CustomBuild>
    <CustomBuild Include="$(mythtv_source)\mythtv\libs\libmythtv\transporteditor.h">
      <Filter>Header Files</Filter>
    </CustomBuild>
    <CustomBuild Include="$(mythtv_source)\mythtv\libs\libmythtv\tv_play.h">
      <Filter>Header Files</Filter>
    </CustomBuild>
    <CustomBuild Include="$(mythtv_source)\mythtv\libs\libmythtv\tv_play_win.h">
      <Filter>Header Files</Filter>
    </CustomBuild>
    <CustomBuild Include="$(mythtv_source)\mythtv\libs\libmythtv\tv_rec.h">
      <Filter>Header Files</Filter>
    </CustomBuild>
    <CustomBuild Include="$(mythtv_source)\mythtv\libs\libmythtv\videosource.h">
      <Filter>Header Files</Filter>
    </CustomBuild>
    <CustomBuild Include="$(mythtv_source)\mythtv\libs\libmythtv\channelscan\channelscan_sm.h">
      <Filter>Header Files\channelscan</Filter>
    </CustomBuild>
    <CustomBuild Include="$(mythtv_source)\mythtv\libs\libmythtv\fifowriter.h">
      <Filter>Header Files</Filter>
    </CustomBuild>
    <CustomBuild Include="$(mythtv_source)\mythtv\libs\libmythtv\mhi.h">
      <Filter>Header Files</Filter>
    </CustomBuild>
    <CustomBuild Include="$(mythtv_source)\mythtv\libs\libmythtv\signalmonitor.h">
      <Filter>Header Files</Filter>
    </CustomBuild>
    <CustomBuild Include="$(mythtv_source)\mythtv\libs\libmythtv\recorderbase.h">
      <Filter>Header Files</Filter>
    </CustomBuild>
  </ItemGroup>
  <ItemGroup>
    <ClCompile Include="GeneratedFiles\Debug\moc_channelscanner_gui.cpp">
      <Filter>Generated Files\Debug</Filter>
    </ClCompile>
    <ClCompile Include="GeneratedFiles\Release\moc_channelscanner_gui.cpp">
      <Filter>Generated Files\Release</Filter>
    </ClCompile>
    <ClCompile Include="GeneratedFiles\Debug\moc_channelscanner_gui_scan_pane.cpp">
      <Filter>Generated Files\Debug</Filter>
    </ClCompile>
    <ClCompile Include="GeneratedFiles\Release\moc_channelscanner_gui_scan_pane.cpp">
      <Filter>Generated Files\Release</Filter>
    </ClCompile>
    <ClCompile Include="GeneratedFiles\Debug\moc_inputselectorsetting.cpp">
      <Filter>Generated Files\Debug</Filter>
    </ClCompile>
    <ClCompile Include="GeneratedFiles\Release\moc_inputselectorsetting.cpp">
      <Filter>Generated Files\Release</Filter>
    </ClCompile>
    <ClCompile Include="GeneratedFiles\Debug\moc_multiplexsetting.cpp">
      <Filter>Generated Files\Debug</Filter>
    </ClCompile>
    <ClCompile Include="GeneratedFiles\Release\moc_multiplexsetting.cpp">
      <Filter>Generated Files\Release</Filter>
    </ClCompile>
    <ClCompile Include="GeneratedFiles\Debug\moc_paneatsc.cpp">
      <Filter>Generated Files\Debug</Filter>
    </ClCompile>
    <ClCompile Include="GeneratedFiles\Release\moc_paneatsc.cpp">
      <Filter>Generated Files\Release</Filter>
    </ClCompile>
    <ClCompile Include="GeneratedFiles\Debug\moc_panedvbutilsimport.cpp">
      <Filter>Generated Files\Debug</Filter>
    </ClCompile>
    <ClCompile Include="GeneratedFiles\Release\moc_panedvbutilsimport.cpp">
      <Filter>Generated Files\Release</Filter>
    </ClCompile>
    <ClCompile Include="GeneratedFiles\Debug\moc_scanmonitor.cpp">
      <Filter>Generated Files\Debug</Filter>
    </ClCompile>
    <ClCompile Include="GeneratedFiles\Release\moc_scanmonitor.cpp">
      <Filter>Generated Files\Release</Filter>
    </ClCompile>
    <ClCompile Include="GeneratedFiles\Debug\moc_scanwizardconfig.cpp">
      <Filter>Generated Files\Debug</Filter>
    </ClCompile>
    <ClCompile Include="GeneratedFiles\Release\moc_scanwizardconfig.cpp">
      <Filter>Generated Files\Release</Filter>
    </ClCompile>
    <ClCompile Include="$(mythtv_source)\mythtv\libs\libmythtv\channelscan\channelimporter.cpp">
      <Filter>Source Files\channelscan</Filter>
    </ClCompile>
    <ClCompile Include="$(mythtv_source)\mythtv\libs\libmythtv\channelscan\channelscan_sm.cpp">
      <Filter>Source Files\channelscan</Filter>
    </ClCompile>
    <ClCompile Include="$(mythtv_source)\mythtv\libs\libmythtv\channelscan\channelscanner.cpp">
      <Filter>Source Files\channelscan</Filter>
    </ClCompile>
    <ClCompile Include="$(mythtv_source)\mythtv\libs\libmythtv\channelscan\channelscanner_cli.cpp">
      <Filter>Source Files\channelscan</Filter>
    </ClCompile>
    <ClCompile Include="$(mythtv_source)\mythtv\libs\libmythtv\channelscan\channelscanner_gui.cpp">
      <Filter>Source Files\channelscan</Filter>
    </ClCompile>
    <ClCompile Include="$(mythtv_source)\mythtv\libs\libmythtv\channelscan\channelscanner_gui_scan_pane.cpp">
      <Filter>Source Files\channelscan</Filter>
    </ClCompile>
    <ClCompile Include="$(mythtv_source)\mythtv\libs\libmythtv\channelscan\frequencytablesetting.cpp">
      <Filter>Source Files\channelscan</Filter>
    </ClCompile>
    <ClCompile Include="$(mythtv_source)\mythtv\libs\libmythtv\channelscan\inputselectorsetting.cpp">
      <Filter>Source Files\channelscan</Filter>
    </ClCompile>
    <ClCompile Include="$(mythtv_source)\mythtv\libs\libmythtv\channelscan\loglist.cpp">
      <Filter>Source Files\channelscan</Filter>
    </ClCompile>
    <ClCompile Include="$(mythtv_source)\mythtv\libs\libmythtv\channelscan\multiplexsetting.cpp">
      <Filter>Source Files\channelscan</Filter>
    </ClCompile>
    <ClCompile Include="$(mythtv_source)\mythtv\libs\libmythtv\channelscan\paneanalog.cpp">
      <Filter>Source Files\channelscan</Filter>
    </ClCompile>
    <ClCompile Include="$(mythtv_source)\mythtv\libs\libmythtv\channelscan\scaninfo.cpp">
      <Filter>Source Files\channelscan</Filter>
    </ClCompile>
    <ClCompile Include="$(mythtv_source)\mythtv\libs\libmythtv\channelscan\scanmonitor.cpp">
      <Filter>Source Files\channelscan</Filter>
    </ClCompile>
    <ClCompile Include="$(mythtv_source)\mythtv\libs\libmythtv\channelscan\scanwizardconfig.cpp">
      <Filter>Source Files\channelscan</Filter>
    </ClCompile>
    <ClCompile Include="$(mythtv_source)\mythtv\libs\libmythtv\mpeg\atsc_huffman.cpp">
      <Filter>Source Files\mpeg</Filter>
    </ClCompile>
    <ClCompile Include="$(mythtv_source)\mythtv\libs\libmythtv\mpeg\atscdescriptors.cpp">
      <Filter>Source Files\mpeg</Filter>
    </ClCompile>
    <ClCompile Include="$(mythtv_source)\mythtv\libs\libmythtv\mpeg\atscstreamdata.cpp">
      <Filter>Source Files\mpeg</Filter>
    </ClCompile>
    <ClCompile Include="$(mythtv_source)\mythtv\libs\libmythtv\mpeg\atsctables.cpp">
      <Filter>Source Files\mpeg</Filter>
    </ClCompile>
    <ClCompile Include="$(mythtv_source)\mythtv\libs\libmythtv\mpeg\dishdescriptors.cpp">
      <Filter>Source Files\mpeg</Filter>
    </ClCompile>
    <ClCompile Include="$(mythtv_source)\mythtv\libs\libmythtv\mpeg\dvbdescriptors.cpp">
      <Filter>Source Files\mpeg</Filter>
    </ClCompile>
    <ClCompile Include="$(mythtv_source)\mythtv\libs\libmythtv\mpeg\dvbstreamdata.cpp">
      <Filter>Source Files\mpeg</Filter>
    </ClCompile>
    <ClCompile Include="$(mythtv_source)\mythtv\libs\libmythtv\mpeg\dvbtables.cpp">
      <Filter>Source Files\mpeg</Filter>
    </ClCompile>
    <ClCompile Include="$(mythtv_source)\mythtv\libs\libmythtv\mpeg\freesat_huffman.cpp">
      <Filter>Source Files\mpeg</Filter>
    </ClCompile>
    <ClCompile Include="$(mythtv_source)\mythtv\libs\libmythtv\mpeg\iso6937tables.cpp">
      <Filter>Source Files\mpeg</Filter>
    </ClCompile>
    <ClCompile Include="$(mythtv_source)\mythtv\libs\libmythtv\mpeg\mpegdescriptors.cpp">
      <Filter>Source Files\mpeg</Filter>
    </ClCompile>
    <ClCompile Include="$(mythtv_source)\mythtv\libs\libmythtv\mpeg\mpegstreamdata.cpp">
      <Filter>Source Files\mpeg</Filter>
    </ClCompile>
    <ClCompile Include="$(mythtv_source)\mythtv\libs\libmythtv\mpeg\mpegtables.cpp">
      <Filter>Source Files\mpeg</Filter>
    </ClCompile>
    <ClCompile Include="$(mythtv_source)\mythtv\libs\libmythtv\mpeg\pespacket.cpp">
      <Filter>Source Files\mpeg</Filter>
    </ClCompile>
    <ClCompile Include="$(mythtv_source)\mythtv\libs\libmythtv\mpeg\premieredescriptors.cpp">
      <Filter>Source Files\mpeg</Filter>
    </ClCompile>
    <ClCompile Include="$(mythtv_source)\mythtv\libs\libmythtv\mpeg\premieretables.cpp">
      <Filter>Source Files\mpeg</Filter>
    </ClCompile>
    <ClCompile Include="$(mythtv_source)\mythtv\libs\libmythtv\mpeg\scanstreamdata.cpp">
      <Filter>Source Files\mpeg</Filter>
    </ClCompile>
    <ClCompile Include="$(mythtv_source)\mythtv\libs\libmythtv\mpeg\tspacket.cpp">
      <Filter>Source Files\mpeg</Filter>
    </ClCompile>
    <ClCompile Include="GeneratedFiles\Debug\moc_channelgroupsettings.cpp">
      <Filter>Generated Files\Debug</Filter>
    </ClCompile>
    <ClCompile Include="GeneratedFiles\Release\moc_channelgroupsettings.cpp">
      <Filter>Generated Files\Release</Filter>
    </ClCompile>
    <ClCompile Include="GeneratedFiles\Debug\moc_channelsettings.cpp">
      <Filter>Generated Files\Debug</Filter>
    </ClCompile>
    <ClCompile Include="GeneratedFiles\Release\moc_channelsettings.cpp">
      <Filter>Generated Files\Release</Filter>
    </ClCompile>
    <ClCompile Include="GeneratedFiles\Debug\moc_DeviceReadBuffer.cpp">
      <Filter>Generated Files\Debug</Filter>
    </ClCompile>
    <ClCompile Include="GeneratedFiles\Release\moc_DeviceReadBuffer.cpp">
      <Filter>Generated Files\Release</Filter>
    </ClCompile>
    <ClCompile Include="GeneratedFiles\Debug\moc_diseqcsettings.cpp">
      <Filter>Generated Files\Debug</Filter>
    </ClCompile>
    <ClCompile Include="GeneratedFiles\Release\moc_diseqcsettings.cpp">
      <Filter>Generated Files\Release</Filter>
    </ClCompile>
    <ClCompile Include="GeneratedFiles\Debug\moc_jobqueue.cpp">
      <Filter>Generated Files\Debug</Filter>
    </ClCompile>
    <ClCompile Include="GeneratedFiles\Release\moc_jobqueue.cpp">
      <Filter>Generated Files\Release</Filter>
    </ClCompile>
    <ClCompile Include="GeneratedFiles\Debug\moc_mythplayer.cpp">
      <Filter>Generated Files\Debug</Filter>
    </ClCompile>
    <ClCompile Include="GeneratedFiles\Release\moc_mythplayer.cpp">
      <Filter>Generated Files\Release</Filter>
    </ClCompile>
    <ClCompile Include="GeneratedFiles\Debug\moc_mythsystemevent.cpp">
      <Filter>Generated Files\Debug</Filter>
    </ClCompile>
    <ClCompile Include="GeneratedFiles\Release\moc_mythsystemevent.cpp">
      <Filter>Generated Files\Release</Filter>
    </ClCompile>
    <ClCompile Include="GeneratedFiles\Debug\moc_osd.cpp">
      <Filter>Generated Files\Debug</Filter>
    </ClCompile>
    <ClCompile Include="GeneratedFiles\Release\moc_osd.cpp">
      <Filter>Generated Files\Release</Filter>
    </ClCompile>
    <ClCompile Include="GeneratedFiles\Debug\moc_playercontext.cpp">
      <Filter>Generated Files\Debug</Filter>
    </ClCompile>
    <ClCompile Include="GeneratedFiles\Release\moc_playercontext.cpp">
      <Filter>Generated Files\Release</Filter>
    </ClCompile>
    <ClCompile Include="GeneratedFiles\Debug\moc_playgroup.cpp">
      <Filter>Generated Files\Debug</Filter>
    </ClCompile>
    <ClCompile Include="GeneratedFiles\Release\moc_playgroup.cpp">
      <Filter>Generated Files\Release</Filter>
    </ClCompile>
    <ClCompile Include="GeneratedFiles\Debug\moc_previewgenerator.cpp">
      <Filter>Generated Files\Debug</Filter>
    </ClCompile>
    <ClCompile Include="GeneratedFiles\Release\moc_previewgenerator.cpp">
      <Filter>Generated Files\Release</Filter>
    </ClCompile>
    <ClCompile Include="GeneratedFiles\Debug\moc_previewgeneratorqueue.cpp">
      <Filter>Generated Files\Debug</Filter>
    </ClCompile>
    <ClCompile Include="GeneratedFiles\Release\moc_previewgeneratorqueue.cpp">
      <Filter>Generated Files\Release</Filter>
    </ClCompile>
    <ClCompile Include="GeneratedFiles\Debug\moc_profilegroup.cpp">
      <Filter>Generated Files\Debug</Filter>
    </ClCompile>
    <ClCompile Include="GeneratedFiles\Release\moc_profilegroup.cpp">
      <Filter>Generated Files\Release</Filter>
    </ClCompile>
    <ClCompile Include="GeneratedFiles\Debug\moc_recordingprofile.cpp">
      <Filter>Generated Files\Debug</Filter>
    </ClCompile>
    <ClCompile Include="GeneratedFiles\Release\moc_recordingprofile.cpp">
      <Filter>Generated Files\Release</Filter>
    </ClCompile>
    <ClCompile Include="GeneratedFiles\Debug\moc_scanwizard.cpp">
      <Filter>Generated Files\Debug</Filter>
    </ClCompile>
    <ClCompile Include="GeneratedFiles\Release\moc_scanwizard.cpp">
      <Filter>Generated Files\Release</Filter>
    </ClCompile>
    <ClCompile Include="GeneratedFiles\Debug\moc_transporteditor.cpp">
      <Filter>Generated Files\Debug</Filter>
    </ClCompile>
    <ClCompile Include="GeneratedFiles\Release\moc_transporteditor.cpp">
      <Filter>Generated Files\Release</Filter>
    </ClCompile>
    <ClCompile Include="GeneratedFiles\Debug\moc_tv_play.cpp">
      <Filter>Generated Files\Debug</Filter>
    </ClCompile>
    <ClCompile Include="GeneratedFiles\Release\moc_tv_play.cpp">
      <Filter>Generated Files\Release</Filter>
    </ClCompile>
    <ClCompile Include="GeneratedFiles\Debug\moc_tv_play_win.cpp">
      <Filter>Generated Files\Debug</Filter>
    </ClCompile>
    <ClCompile Include="GeneratedFiles\Release\moc_tv_play_win.cpp">
      <Filter>Generated Files\Release</Filter>
    </ClCompile>
    <ClCompile Include="GeneratedFiles\Debug\moc_tv_rec.cpp">
      <Filter>Generated Files\Debug</Filter>
    </ClCompile>
    <ClCompile Include="GeneratedFiles\Release\moc_tv_rec.cpp">
      <Filter>Generated Files\Release</Filter>
    </ClCompile>
    <ClCompile Include="GeneratedFiles\Debug\moc_videosource.cpp">
      <Filter>Generated Files\Debug</Filter>
    </ClCompile>
    <ClCompile Include="GeneratedFiles\Release\moc_videosource.cpp">
      <Filter>Generated Files\Release</Filter>
    </ClCompile>
    <ClCompile Include="$(mythtv_source)\mythtv\libs\libmythtv\cardutil.cpp">
      <Filter>Source Files</Filter>
    </ClCompile>
    <ClCompile Include="$(mythtv_source)\mythtv\libs\libmythtv\cc608decoder.cpp">
      <Filter>Source Files</Filter>
    </ClCompile>
    <ClCompile Include="$(mythtv_source)\mythtv\libs\libmythtv\cc608reader.cpp">
      <Filter>Source Files</Filter>
    </ClCompile>
    <ClCompile Include="$(mythtv_source)\mythtv\libs\libmythtv\cc708decoder.cpp">
      <Filter>Source Files</Filter>
    </ClCompile>
    <ClCompile Include="$(mythtv_source)\mythtv\libs\libmythtv\cc708reader.cpp">
      <Filter>Source Files</Filter>
    </ClCompile>
    <ClCompile Include="$(mythtv_source)\mythtv\libs\libmythtv\cc708window.cpp">
      <Filter>Source Files</Filter>
    </ClCompile>
    <ClCompile Include="$(mythtv_source)\mythtv\libs\libmythtv\channelbase.cpp">
      <Filter>Source Files</Filter>
    </ClCompile>
    <ClCompile Include="$(mythtv_source)\mythtv\libs\libmythtv\channelgroup.cpp">
      <Filter>Source Files</Filter>
    </ClCompile>
    <ClCompile Include="$(mythtv_source)\mythtv\libs\libmythtv\channelgroupsettings.cpp">
      <Filter>Source Files</Filter>
    </ClCompile>
    <ClCompile Include="$(mythtv_source)\mythtv\libs\libmythtv\channelsettings.cpp">
      <Filter>Source Files</Filter>
    </ClCompile>
    <ClCompile Include="$(mythtv_source)\mythtv\libs\libmythtv\channelutil.cpp">
      <Filter>Source Files</Filter>
    </ClCompile>
    <ClCompile Include="$(mythtv_source)\mythtv\libs\libmythtv\commbreakmap.cpp">
      <Filter>Source Files</Filter>
    </ClCompile>
    <ClCompile Include="$(mythtv_source)\mythtv\libs\libmythtv\datadirect.cpp">
      <Filter>Source Files</Filter>
    </ClCompile>
    <ClCompile Include="$(mythtv_source)\mythtv\libs\libmythtv\dbchannelinfo.cpp">
      <Filter>Source Files</Filter>
    </ClCompile>
    <ClCompile Include="$(mythtv_source)\mythtv\libs\libmythtv\dbcheck.cpp">
      <Filter>Source Files</Filter>
    </ClCompile>
    <ClCompile Include="$(mythtv_source)\mythtv\libs\libmythtv\deletemap.cpp">
      <Filter>Source Files</Filter>
    </ClCompile>
    <ClCompile Include="$(mythtv_source)\mythtv\libs\libmythtv\DetectLetterbox.cpp">
      <Filter>Source Files</Filter>
    </ClCompile>
    <ClCompile Include="$(mythtv_source)\mythtv\libs\libmythtv\DeviceReadBuffer.cpp">
      <Filter>Source Files</Filter>
    </ClCompile>
    <ClCompile Include="$(mythtv_source)\mythtv\libs\libmythtv\diseqc.cpp">
      <Filter>Source Files</Filter>
    </ClCompile>
    <ClCompile Include="$(mythtv_source)\mythtv\libs\libmythtv\diseqcsettings.cpp">
      <Filter>Source Files</Filter>
    </ClCompile>
    <ClCompile Include="$(mythtv_source)\mythtv\libs\libmythtv\dsmcc.cpp">
      <Filter>Source Files</Filter>
    </ClCompile>
    <ClCompile Include="$(mythtv_source)\mythtv\libs\libmythtv\dsmccbiop.cpp">
      <Filter>Source Files</Filter>
    </ClCompile>
    <ClCompile Include="$(mythtv_source)\mythtv\libs\libmythtv\dsmcccache.cpp">
      <Filter>Source Files</Filter>
    </ClCompile>
    <ClCompile Include="$(mythtv_source)\mythtv\libs\libmythtv\dsmccobjcarousel.cpp">
      <Filter>Source Files</Filter>
    </ClCompile>
    <ClCompile Include="$(mythtv_source)\mythtv\libs\libmythtv\dtvchannel.cpp">
      <Filter>Source Files</Filter>
    </ClCompile>
    <ClCompile Include="$(mythtv_source)\mythtv\libs\libmythtv\dtvconfparser.cpp">
      <Filter>Source Files</Filter>
    </ClCompile>
    <ClCompile Include="$(mythtv_source)\mythtv\libs\libmythtv\dtvconfparserhelpers.cpp">
      <Filter>Source Files</Filter>
    </ClCompile>
    <ClCompile Include="$(mythtv_source)\mythtv\libs\libmythtv\dtvmultiplex.cpp">
      <Filter>Source Files</Filter>
    </ClCompile>
    <ClCompile Include="$(mythtv_source)\mythtv\libs\libmythtv\dtvrecorder.cpp">
      <Filter>Source Files</Filter>
    </ClCompile>
    <ClCompile Include="$(mythtv_source)\mythtv\libs\libmythtv\dtvsignalmonitor.cpp">
      <Filter>Source Files</Filter>
    </ClCompile>
    <ClCompile Include="$(mythtv_source)\mythtv\libs\libmythtv\fifowriter.cpp">
      <Filter>Source Files</Filter>
    </ClCompile>
    <ClCompile Include="$(mythtv_source)\mythtv\libs\libmythtv\filtermanager.cpp">
      <Filter>Source Files</Filter>
    </ClCompile>
    <ClCompile Include="$(mythtv_source)\mythtv\libs\libmythtv\frequencies.cpp">
      <Filter>Source Files</Filter>
    </ClCompile>
    <ClCompile Include="$(mythtv_source)\mythtv\libs\libmythtv\frequencytables.cpp">
      <Filter>Source Files</Filter>
    </ClCompile>
    <ClCompile Include="$(mythtv_source)\mythtv\libs\libmythtv\importrecorder.cpp">
      <Filter>Source Files</Filter>
    </ClCompile>
    <ClCompile Include="$(mythtv_source)\mythtv\libs\libmythtv\inputgroupmap.cpp">
      <Filter>Source Files</Filter>
    </ClCompile>
    <ClCompile Include="$(mythtv_source)\mythtv\libs\libmythtv\inputinfo.cpp">
      <Filter>Source Files</Filter>
    </ClCompile>
    <ClCompile Include="$(mythtv_source)\mythtv\libs\libmythtv\jitterometer.cpp">
      <Filter>Source Files</Filter>
    </ClCompile>
    <ClCompile Include="$(mythtv_source)\mythtv\libs\libmythtv\jobqueue.cpp">
      <Filter>Source Files</Filter>
    </ClCompile>
    <ClCompile Include="$(mythtv_source)\mythtv\libs\libmythtv\livetvchain.cpp">
      <Filter>Source Files</Filter>
    </ClCompile>
    <ClCompile Include="$(mythtv_source)\mythtv\libs\libmythtv\minilzo.cpp">
      <Filter>Source Files</Filter>
    </ClCompile>
    <ClCompile Include="$(mythtv_source)\mythtv\libs\libmythtv\myth_imgconvert.cpp">
      <Filter>Source Files</Filter>
    </ClCompile>
    <ClCompile Include="$(mythtv_source)\mythtv\libs\libmythtv\mythcodecid.cpp">
      <Filter>Source Files</Filter>
    </ClCompile>
    <ClCompile Include="$(mythtv_source)\mythtv\libs\libmythtv\mythcommflagplayer.cpp">
      <Filter>Source Files</Filter>
    </ClCompile>
    <ClCompile Include="$(mythtv_source)\mythtv\libs\libmythtv\mythdvdplayer.cpp">
      <Filter>Source Files</Filter>
    </ClCompile>
    <ClCompile Include="$(mythtv_source)\mythtv\libs\libmythtv\mythplayer.cpp">
      <Filter>Source Files</Filter>
    </ClCompile>
    <ClCompile Include="$(mythtv_source)\mythtv\libs\libmythtv\mythsystemevent.cpp">
      <Filter>Source Files</Filter>
    </ClCompile>
    <ClCompile Include="$(mythtv_source)\mythtv\libs\libmythtv\playercontext.cpp">
      <Filter>Source Files</Filter>
    </ClCompile>
    <ClCompile Include="$(mythtv_source)\mythtv\libs\libmythtv\playgroup.cpp">
      <Filter>Source Files</Filter>
    </ClCompile>
    <ClCompile Include="$(mythtv_source)\mythtv\libs\libmythtv\previewgenerator.cpp">
      <Filter>Source Files</Filter>
    </ClCompile>
    <ClCompile Include="$(mythtv_source)\mythtv\libs\libmythtv\previewgeneratorqueue.cpp">
      <Filter>Source Files</Filter>
    </ClCompile>
    <ClCompile Include="$(mythtv_source)\mythtv\libs\libmythtv\privatedecoder.cpp">
      <Filter>Source Files</Filter>
    </ClCompile>
    <ClCompile Include="$(mythtv_source)\mythtv\libs\libmythtv\profilegroup.cpp">
      <Filter>Source Files</Filter>
    </ClCompile>
    <ClCompile Include="$(mythtv_source)\mythtv\libs\libmythtv\programdata.cpp">
      <Filter>Source Files</Filter>
    </ClCompile>
    <ClCompile Include="$(mythtv_source)\mythtv\libs\libmythtv\recorderbase.cpp">
      <Filter>Source Files</Filter>
    </ClCompile>
    <ClCompile Include="$(mythtv_source)\mythtv\libs\libmythtv\recordinginfo.cpp">
      <Filter>Source Files</Filter>
    </ClCompile>
    <ClCompile Include="$(mythtv_source)\mythtv\libs\libmythtv\recordingprofile.cpp">
      <Filter>Source Files</Filter>
    </ClCompile>
    <ClCompile Include="$(mythtv_source)\mythtv\libs\libmythtv\recordingrule.cpp">
      <Filter>Source Files</Filter>
    </ClCompile>
    <ClCompile Include="$(mythtv_source)\mythtv\libs\libmythtv\remoteencoder.cpp">
      <Filter>Source Files</Filter>
    </ClCompile>
    <ClCompile Include="$(mythtv_source)\mythtv\libs\libmythtv\RTjpegN.cpp">
      <Filter>Source Files</Filter>
    </ClCompile>
    <ClCompile Include="$(mythtv_source)\mythtv\libs\libmythtv\scanwizard.cpp">
      <Filter>Source Files</Filter>
    </ClCompile>
    <ClCompile Include="$(mythtv_source)\mythtv\libs\libmythtv\scheduledrecording.cpp">
      <Filter>Source Files</Filter>
    </ClCompile>
    <ClCompile Include="$(mythtv_source)\mythtv\libs\libmythtv\signalmonitor.cpp">
      <Filter>Source Files</Filter>
    </ClCompile>
    <ClCompile Include="$(mythtv_source)\mythtv\libs\libmythtv\signalmonitorvalue.cpp">
      <Filter>Source Files</Filter>
    </ClCompile>
    <ClCompile Include="$(mythtv_source)\mythtv\libs\libmythtv\sourceutil.cpp">
      <Filter>Source Files</Filter>
    </ClCompile>
    <ClCompile Include="$(mythtv_source)\mythtv\libs\libmythtv\streamingringbuffer.cpp">
      <Filter>Source Files</Filter>
    </ClCompile>
    <ClCompile Include="$(mythtv_source)\mythtv\libs\libmythtv\transporteditor.cpp">
      <Filter>Source Files</Filter>
    </ClCompile>
    <ClCompile Include="$(mythtv_source)\mythtv\libs\libmythtv\tv.cpp">
      <Filter>Source Files</Filter>
    </ClCompile>
    <ClCompile Include="$(mythtv_source)\mythtv\libs\libmythtv\tv_rec.cpp">
      <Filter>Source Files</Filter>
    </ClCompile>
    <ClCompile Include="$(mythtv_source)\mythtv\libs\libmythtv\tvbrowsehelper.cpp">
      <Filter>Source Files</Filter>
    </ClCompile>
    <ClCompile Include="$(mythtv_source)\mythtv\libs\libmythtv\tvremoteutil.cpp">
      <Filter>Source Files</Filter>
    </ClCompile>
    <ClCompile Include="$(mythtv_source)\mythtv\libs\libmythtv\util-opengl.cpp">
      <Filter>Source Files</Filter>
    </ClCompile>
    <ClCompile Include="$(mythtv_source)\mythtv\libs\libmythtv\util-osd.cpp">
      <Filter>Source Files</Filter>
    </ClCompile>
    <ClCompile Include="$(mythtv_source)\mythtv\libs\libmythtv\vbilut.cpp">
      <Filter>Source Files</Filter>
    </ClCompile>
    <ClCompile Include="$(mythtv_source)\mythtv\libs\libmythtv\videobuffers.cpp">
      <Filter>Source Files</Filter>
    </ClCompile>
    <ClCompile Include="$(mythtv_source)\mythtv\libs\libmythtv\videocolourspace.cpp">
      <Filter>Source Files</Filter>
    </ClCompile>
    <ClCompile Include="$(mythtv_source)\mythtv\libs\libmythtv\videodbcheck.cpp">
      <Filter>Source Files</Filter>
    </ClCompile>
    <ClCompile Include="$(mythtv_source)\mythtv\libs\libmythtv\videodisplayprofile.cpp">
      <Filter>Source Files</Filter>
    </ClCompile>
    <ClCompile Include="$(mythtv_source)\mythtv\libs\libmythtv\videometadatautil.cpp">
      <Filter>Source Files</Filter>
    </ClCompile>
    <ClCompile Include="$(mythtv_source)\mythtv\libs\libmythtv\videoout_d3d.cpp">
      <Filter>Source Files</Filter>
    </ClCompile>
    <ClCompile Include="$(mythtv_source)\mythtv\libs\libmythtv\videoout_null.cpp">
      <Filter>Source Files</Filter>
    </ClCompile>
    <ClCompile Include="$(mythtv_source)\mythtv\libs\libmythtv\videoout_opengl.cpp">
      <Filter>Source Files</Filter>
    </ClCompile>
    <ClCompile Include="$(mythtv_source)\mythtv\libs\libmythtv\videooutbase.cpp">
      <Filter>Source Files</Filter>
    </ClCompile>
    <ClCompile Include="$(mythtv_source)\mythtv\libs\libmythtv\videooutwindow.cpp">
      <Filter>Source Files</Filter>
    </ClCompile>
    <ClCompile Include="$(mythtv_source)\mythtv\libs\libmythtv\videosource.cpp">
      <Filter>Source Files</Filter>
    </ClCompile>
    <ClCompile Include="$(mythtv_source)\mythtv\libs\libmythtv\vsync.cpp">
      <Filter>Source Files</Filter>
    </ClCompile>
    <ClCompile Include="$(mythtv_source)\mythtv\libs\libmythtv\xine_demux_sputext.cpp">
      <Filter>Source Files</Filter>
    </ClCompile>
    <ClCompile Include="$(mythtv_source)\mythtv\libs\libmythtv\yuv2rgb.cpp">
      <Filter>Source Files</Filter>
    </ClCompile>
    <ClCompile Include="GeneratedFiles\Debug\moc_ThreadedFileWriter.cpp">
      <Filter>Generated Files\Debug</Filter>
    </ClCompile>
    <ClCompile Include="GeneratedFiles\Release\moc_ThreadedFileWriter.cpp">
      <Filter>Generated Files\Release</Filter>
    </ClCompile>
    <ClCompile Include="$(mythtv_source)\mythtv\libs\libmythtv\ThreadedFileWriter.cpp">
      <Filter>Source Files</Filter>
    </ClCompile>
    <ClCompile Include="$(mythtv_source)\mythtv\libs\libmythtv\tv_play.cpp">
      <Filter>Source Files</Filter>
    </ClCompile>
    <ClCompile Include="$(mythtv_source)\mythtv\libs\libmythtv\ringbuffer.cpp">
      <Filter>Source Files</Filter>
    </ClCompile>
    <ClCompile Include="$(mythtv_source)\mythtv\libs\libmythtv\osd.cpp">
      <Filter>Source Files</Filter>
    </ClCompile>
    <ClCompile Include="$(mythtv_source)\mythtv\libs\libmythtv\audioplayer.cpp">
      <Filter>Source Files</Filter>
    </ClCompile>
    <ClCompile Include="$(mythtv_source)\mythtv\libs\libmythtv\subtitlereader.cpp">
      <Filter>Source Files</Filter>
    </ClCompile>
    <ClCompile Include="GeneratedFiles\Debug\moc_channelscan_sm.cpp">
      <Filter>Generated Files\Debug</Filter>
    </ClCompile>
    <ClCompile Include="GeneratedFiles\Release\moc_channelscan_sm.cpp">
      <Filter>Generated Files\Release</Filter>
    </ClCompile>
    <ClCompile Include="GeneratedFiles\Debug\moc_fifowriter.cpp">
      <Filter>Generated Files\Debug</Filter>
    </ClCompile>
    <ClCompile Include="GeneratedFiles\Release\moc_fifowriter.cpp">
      <Filter>Generated Files\Release</Filter>
    </ClCompile>
    <ClCompile Include="$(mythtv_source)\mythtv\libs\libmythtv\eithelper.cpp">
      <Filter>Source Files</Filter>
    </ClCompile>
    <ClCompile Include="$(mythtv_source)\mythtv\libs\libmythtv\mpeg\H264Parser.cpp">
      <Filter>Source Files\mpeg</Filter>
    </ClCompile>
    <ClCompile Include="$(mythtv_source)\mythtv\libs\libmythtv\decoderbase.cpp">
      <Filter>Source Files</Filter>
    </ClCompile>
    <ClCompile Include="$(mythtv_source)\mythtv\libs\libmythtv\avformatdecoder.cpp">
      <Filter>Source Files</Filter>
    </ClCompile>
    <ClCompile Include="$(mythtv_source)\mythtv\libs\libmythtv\avformatdecoderdvd.cpp">
      <Filter>Source Files</Filter>
    </ClCompile>
    <ClCompile Include="$(mythtv_source)\mythtv\libs\libmythtv\subtitlescreen.cpp">
      <Filter>Source Files</Filter>
    </ClCompile>
    <ClCompile Include="$(mythtv_source)\mythtv\libs\libmythtv\teletextdecoder.cpp">
      <Filter>Source Files</Filter>
    </ClCompile>
    <ClCompile Include="$(mythtv_source)\mythtv\libs\libmythtv\teletextreader.cpp">
      <Filter>Source Files</Filter>
    </ClCompile>
    <ClCompile Include="$(mythtv_source)\mythtv\libs\libmythtv\teletextscreen.cpp">
      <Filter>Source Files</Filter>
    </ClCompile>
    <ClCompile Include="$(mythtv_source)\mythtv\libs\libmythtv\textsubtitleparser.cpp">
      <Filter>Source Files</Filter>
    </ClCompile>
    <ClCompile Include="$(mythtv_source)\mythtv\libs\libmythtv\eitscanner.cpp">
      <Filter>Source Files</Filter>
    </ClCompile>
    <ClCompile Include="$(mythtv_source)\mythtv\libs\libmythtv\openglvideo.cpp">
      <Filter>Source Files</Filter>
    </ClCompile>
    <ClCompile Include="$(mythtv_source)\mythtv\libs\libmythtv\mhi.cpp">
      <Filter>Source Files</Filter>
    </ClCompile>
    <ClCompile Include="$(mythtv_source)\mythtv\libs\libmythtv\interactivescreen.cpp">
      <Filter>Source Files</Filter>
    </ClCompile>
    <ClCompile Include="$(mythtv_source)\mythtv\libs\libmythtv\interactivetv.cpp">
      <Filter>Source Files</Filter>
    </ClCompile>
    <ClCompile Include="$(mythtv_source)\mythtv\libs\libmythtv\fileringbuffer.cpp">
      <Filter>Source Files</Filter>
    </ClCompile>
    <ClCompile Include="$(mythtv_source)\mythtv\libs\libmythtv\avfringbuffer.cpp">
      <Filter>Source Files</Filter>
    </ClCompile>
    <ClCompile Include="bdringbuffer.cpp">
      <Filter>Source Files</Filter>
    </ClCompile>
    <ClCompile Include="$(mythtv_source)\mythtv\libs\libmythtv\eitcache.cpp">
      <Filter>Source Files</Filter>
    </ClCompile>
    <ClCompile Include="$(mythtv_source)\mythtv\libs\libmythtv\eitfixup.cpp">
      <Filter>Source Files</Filter>
    </ClCompile>
    <ClCompile Include="$(mythtv_source)\mythtv\libs\libmythtv\mythiowrapper.cpp">
      <Filter>Source Files</Filter>
    </ClCompile>
    <ClCompile Include="$(mythtv_source)\mythtv\libs\libmythtv\mythbdplayer.cpp">
      <Filter>Source Files</Filter>
    </ClCompile>
    <ClCompile Include="$(mythtv_source)\mythtv\libs\libmythtv\nuppeldecoder.cpp">
      <Filter>Source Files</Filter>
    </ClCompile>
    <ClCompile Include="$(mythtv_source)\mythtv\libs\libmythtv\tv_play_win.cpp">
      <Filter>Source Files</Filter>
    </ClCompile>
    <ClCompile Include="$(mythtv_source)\mythtv\libs\libmythtv\avformatdecoderbd.cpp">
      <Filter>Source Files</Filter>
    </ClCompile>
    <ClCompile Include="$(mythtv_source)\mythtv\libs\libmythtv\bdoverlayscreen.cpp">
      <Filter>Source Files</Filter>
    </ClCompile>
    <ClCompile Include="dvdringbuffer.cpp">
      <Filter>Source Files</Filter>
    </ClCompile>
    <ClCompile Include="GeneratedFiles\Debug\moc_mhi.cpp">
      <Filter>Generated Files\Debug</Filter>
    </ClCompile>
    <ClCompile Include="GeneratedFiles\Release\moc_mhi.cpp">
      <Filter>Generated Files\Release</Filter>
    </ClCompile>
    <ClCompile Include="GeneratedFiles\Debug\moc_signalmonitor.cpp">
      <Filter>Generated Files\Debug</Filter>
    </ClCompile>
    <ClCompile Include="GeneratedFiles\Release\moc_signalmonitor.cpp">
      <Filter>Generated Files\Release</Filter>
    </ClCompile>
    <ClCompile Include="$(mythtv_source)\mythtv\libs\libmythtv\visualisations\videovisual.cpp">
      <Filter>Source Files\visualisations</Filter>
    </ClCompile>
    <ClCompile Include="GeneratedFiles\Debug\moc_recorderbase.cpp">
      <Filter>Generated Files\Debug</Filter>
    </ClCompile>
    <ClCompile Include="GeneratedFiles\Release\moc_recorderbase.cpp">
      <Filter>Generated Files\Release</Filter>
    </ClCompile>
    <ClCompile Include="ffmpeghack.c">
      <Filter>Source Files</Filter>
    </ClCompile>
    <ClCompile Include="$(mythtv_source)\mythtv\libs\libmythtv\mpeg\sctedescriptors.cpp">
      <Filter>Source Files\mpeg</Filter>
    </ClCompile>
    <ClCompile Include="$(mythtv_source)\mythtv\libs\libmythtv\mpeg\sctetables.cpp">
      <Filter>Source Files\mpeg</Filter>
    </ClCompile>
    <ClCompile Include="$(mythtv_source)\mythtv\libs\libmythtv\mpeg\splicedescriptors.cpp">
      <Filter>Source Files\mpeg</Filter>
    </ClCompile>
    <ClCompile Include="$(mythtv_source)\mythtv\libs\libmythtv\recordingquality.cpp">
      <Filter>Source Files</Filter>
    </ClCompile>
    <ClCompile Include="$(mythtv_source)\mythtv\libs\libmythtv\metadataimagehelper.cpp">
      <Filter>Source Files</Filter>
    </ClCompile>
    <ClCompile Include="$(mythtv_source)\mythtv\libs\libmythtv\httplivestream.cpp">
      <Filter>Source Files</Filter>
    </ClCompile>
  </ItemGroup>
</Project>