<?xml version="1.0" encoding="utf-8"?>
<Project ToolsVersion="4.0" xmlns="http://schemas.microsoft.com/developer/msbuild/2003">
  <ItemGroup>
    <Filter Include="Source Files">
      <UniqueIdentifier>{4FC737F1-C7A5-4376-A066-2A32D752A2FF}</UniqueIdentifier>
      <Extensions>cpp;cxx;c;def</Extensions>
    </Filter>
    <Filter Include="Header Files">
      <UniqueIdentifier>{93995380-89BD-4b04-88EB-625FBE52EBFB}</UniqueIdentifier>
      <Extensions>h</Extensions>
    </Filter>
    <Filter Include="Generated Files">
      <UniqueIdentifier>{71ED8ED8-ACB9-4CE9-BBE1-E00B30144E11}</UniqueIdentifier>
      <Extensions>moc;h;cpp</Extensions>
      <SourceControlFiles>False</SourceControlFiles>
    </Filter>
    <Filter Include="Header Files\datacontracts">
      <UniqueIdentifier>{8396c80f-0021-4aad-af8e-775cd658a962}</UniqueIdentifier>
    </Filter>
    <Filter Include="Generated Files\Debug">
      <UniqueIdentifier>{897381bd-0c41-4d86-ac13-6a6b164ef340}</UniqueIdentifier>
      <Extensions>cpp;moc</Extensions>
      <SourceControlFiles>False</SourceControlFiles>
    </Filter>
    <Filter Include="Generated Files\Release">
      <UniqueIdentifier>{09c8e014-e10f-4e50-a1a8-0e04b4594f36}</UniqueIdentifier>
      <Extensions>cpp;moc</Extensions>
      <SourceControlFiles>False</SourceControlFiles>
    </Filter>
    <Filter Include="Header Files\services">
      <UniqueIdentifier>{558cd5b5-70f9-40ba-89c8-0e44a75ace6b}</UniqueIdentifier>
    </Filter>
  </ItemGroup>
  <ItemGroup>
    <CustomBuild Include="$(mythtv_source)\mythtv\libs\libmythservicecontracts\datacontracts\connectionInfo.h">
      <Filter>Header Files\datacontracts</Filter>
    </CustomBuild>
    <CustomBuild Include="$(mythtv_source)\mythtv\libs\libmythservicecontracts\datacontracts\databaseInfo.h">
      <Filter>Header Files\datacontracts</Filter>
    </CustomBuild>
    <CustomBuild Include="$(mythtv_source)\mythtv\libs\libmythservicecontracts\datacontracts\wolInfo.h">
      <Filter>Header Files\datacontracts</Filter>
    </CustomBuild>
    <CustomBuild Include="$(mythtv_source)\mythtv\libs\libmythservicecontracts\service.h">
      <Filter>Header Files</Filter>
    </CustomBuild>
    <CustomBuild Include="$(mythtv_source)\mythtv\libs\libmythservicecontracts\datacontracts\settingList.h">
      <Filter>Header Files\datacontracts</Filter>
    </CustomBuild>
    <CustomBuild Include="$(mythtv_source)\mythtv\libs\libmythservicecontracts\services\mythServices.h">
      <Filter>Header Files\services</Filter>
    </CustomBuild>
    <CustomBuild Include="$(mythtv_source)\mythtv\libs\libmythservicecontracts\services\guideServices.h">
      <Filter>Header Files\services</Filter>
    </CustomBuild>
    <CustomBuild Include="$(mythtv_source)\mythtv\libs\libmythservicecontracts\datacontracts\programGuide.h">
      <Filter>Header Files\datacontracts</Filter>
    </CustomBuild>
    <CustomBuild Include="$(mythtv_source)\mythtv\libs\libmythservicecontracts\datacontracts\recording.h">
      <Filter>Header Files\datacontracts</Filter>
    </CustomBuild>
    <CustomBuild Include="$(mythtv_source)\mythtv\libs\libmythservicecontracts\datacontracts\programAndChannel.h">
      <Filter>Header Files\datacontracts</Filter>
    </CustomBuild>
    <CustomBuild Include="$(mythtv_source)\mythtv\libs\libmythservicecontracts\services\contentServices.h">
      <Filter>Header Files\services</Filter>
    </CustomBuild>
    <CustomBuild Include="$(mythtv_source)\mythtv\libs\libmythservicecontracts\datacontracts\encoder.h">
      <Filter>Header Files\datacontracts</Filter>
    </CustomBuild>
    <CustomBuild Include="$(mythtv_source)\mythtv\libs\libmythservicecontracts\datacontracts\encoderList.h">
      <Filter>Header Files\datacontracts</Filter>
    </CustomBuild>
    <CustomBuild Include="$(mythtv_source)\mythtv\libs\libmythservicecontracts\services\dvrServices.h">
      <Filter>Header Files\services</Filter>
    </CustomBuild>
    <CustomBuild Include="$(mythtv_source)\mythtv\libs\libmythservicecontracts\datacontracts\programList.h">
      <Filter>Header Files\datacontracts</Filter>
    </CustomBuild>
    <CustomBuild Include="$(mythtv_source)\mythtv\libs\libmythservicecontracts\datacontracts\storageGroupDir.h">
      <Filter>Header Files\datacontracts</Filter>
    </CustomBuild>
    <CustomBuild Include="$(mythtv_source)\mythtv\libs\libmythservicecontracts\datacontracts\storageGroupDirList.h">
      <Filter>Header Files\datacontracts</Filter>
    </CustomBuild>
    <CustomBuild Include="$(mythtv_source)\mythtv\libs\libmythservicecontracts\services\channelServices.h">
      <Filter>Header Files\services</Filter>
    </CustomBuild>
    <CustomBuild Include="$(mythtv_source)\mythtv\libs\libmythservicecontracts\datacontracts\channelInfoList.h">
      <Filter>Header Files\datacontracts</Filter>
    </CustomBuild>
    <CustomBuild Include="$(mythtv_source)\mythtv\libs\libmythservicecontracts\datacontracts\videoSource.h">
      <Filter>Header Files\datacontracts</Filter>
    </CustomBuild>
    <CustomBuild Include="$(mythtv_source)\mythtv\libs\libmythservicecontracts\datacontracts\videoSourceList.h">
      <Filter>Header Files\datacontracts</Filter>
    </CustomBuild>
    <CustomBuild Include="$(mythtv_source)\mythtv\libs\libmythservicecontracts\datacontracts\videoMultiplex.h">
      <Filter>Header Files\datacontracts</Filter>
    </CustomBuild>
    <CustomBuild Include="$(mythtv_source)\mythtv\libs\libmythservicecontracts\datacontracts\videoMultiplexList.h">
      <Filter>Header Files\datacontracts</Filter>
    </CustomBuild>
    <CustomBuild Include="$(mythtv_source)\mythtv\libs\libmythservicecontracts\services\videoServices.h">
      <Filter>Header Files\services</Filter>
    </CustomBuild>
    <CustomBuild Include="$(mythtv_source)\mythtv\libs\libmythservicecontracts\datacontracts\videoMetadataInfo.h">
      <Filter>Header Files\datacontracts</Filter>
    </CustomBuild>
    <CustomBuild Include="$(mythtv_source)\mythtv\libs\libmythservicecontracts\datacontracts\videoMetadataInfoList.h">
      <Filter>Header Files\datacontracts</Filter>
    </CustomBuild>
    <CustomBuild Include="$(mythtv_source)\mythtv\libs\libmythservicecontracts\datacontracts\blurayInfo.h">
      <Filter>Header Files\datacontracts</Filter>
    </CustomBuild>
    <CustomBuild Include="$(mythtv_source)\mythtv\libs\libmythservicecontracts\datacontracts\timeZoneInfo.h">
      <Filter>Header Files\datacontracts</Filter>
    </CustomBuild>
    <CustomBuild Include="$(mythtv_source)\mythtv\libs\libmythservicecontracts\datacontracts\artworkInfo.h">
      <Filter>Header Files\datacontracts</Filter>
    </CustomBuild>
    <CustomBuild Include="$(mythtv_source)\mythtv\libs\libmythservicecontracts\datacontracts\artworkInfoList.h">
      <Filter>Header Files\datacontracts</Filter>
    </CustomBuild>
    <CustomBuild Include="$(mythtv_source)\mythtv\libs\libmythservicecontracts\datacontracts\captureCard.h">
      <Filter>Header Files\datacontracts</Filter>
    </CustomBuild>
    <CustomBuild Include="$(mythtv_source)\mythtv\libs\libmythservicecontracts\datacontracts\captureCardList.h">
      <Filter>Header Files\datacontracts</Filter>
    </CustomBuild>
    <CustomBuild Include="$(mythtv_source)\mythtv\libs\libmythservicecontracts\datacontracts\frontendActionList.h">
      <Filter>Header Files\datacontracts</Filter>
    </CustomBuild>
    <CustomBuild Include="$(mythtv_source)\mythtv\libs\libmythservicecontracts\datacontracts\frontendStatus.h">
      <Filter>Header Files\datacontracts</Filter>
    </CustomBuild>
    <CustomBuild Include="$(mythtv_source)\mythtv\libs\libmythservicecontracts\datacontracts\lineup.h">
      <Filter>Header Files\datacontracts</Filter>
    </CustomBuild>
    <CustomBuild Include="$(mythtv_source)\mythtv\libs\libmythservicecontracts\datacontracts\liveStreamInfo.h">
      <Filter>Header Files\datacontracts</Filter>
    </CustomBuild>
    <CustomBuild Include="$(mythtv_source)\mythtv\libs\libmythservicecontracts\datacontracts\liveStreamInfoList.h">
      <Filter>Header Files\datacontracts</Filter>
    </CustomBuild>
    <CustomBuild Include="$(mythtv_source)\mythtv\libs\libmythservicecontracts\datacontracts\recRule.h">
      <Filter>Header Files\datacontracts</Filter>
    </CustomBuild>
    <CustomBuild Include="$(mythtv_source)\mythtv\libs\libmythservicecontracts\datacontracts\recRuleList.h">
      <Filter>Header Files\datacontracts</Filter>
    </CustomBuild>
    <CustomBuild Include="$(mythtv_source)\mythtv\libs\libmythservicecontracts\datacontracts\versionInfo.h">
      <Filter>Header Files\datacontracts</Filter>
    </CustomBuild>
    <CustomBuild Include="$(mythtv_source)\mythtv\libs\libmythservicecontracts\datacontracts\videoLookupInfo.h">
      <Filter>Header Files\datacontracts</Filter>
    </CustomBuild>
    <CustomBuild Include="$(mythtv_source)\mythtv\libs\libmythservicecontracts\datacontracts\videoLookupInfoList.h">
      <Filter>Header Files\datacontracts</Filter>
    </CustomBuild>
    <CustomBuild Include="$(mythtv_source)\mythtv\libs\libmythservicecontracts\services\captureServices.h">
      <Filter>Header Files\services</Filter>
    </CustomBuild>
    <CustomBuild Include="$(mythtv_source)\mythtv\libs\libmythservicecontracts\services\frontendServices.h">
      <Filter>Header Files\services</Filter>
    </CustomBuild>
    <CustomBuild Include="$(mythtv_source)\mythtv\libs\libmythservicecontracts\datacontracts\labelValue.h">
      <Filter>Header Files\datacontracts</Filter>
    </CustomBuild>
    <CustomBuild Include="$(mythtv_source)\mythtv\libs\libmythservicecontracts\datacontracts\logMessage.h">
      <Filter>Header Files\datacontracts</Filter>
    </CustomBuild>
    <CustomBuild Include="$(mythtv_source)\mythtv\libs\libmythservicecontracts\datacontracts\logMessageList.h">
      <Filter>Header Files\datacontracts</Filter>
    </CustomBuild>
  </ItemGroup>
  <ItemGroup>
    <ClCompile Include="$(mythtv_source)\mythtv\libs\libmythservicecontracts\service.cpp">
      <Filter>Source Files</Filter>
    </ClCompile>
    <ClCompile Include="GeneratedFiles\Debug\moc_connectionInfo.cpp">
      <Filter>Generated Files\Debug</Filter>
    </ClCompile>
    <ClCompile Include="GeneratedFiles\Release\moc_connectionInfo.cpp">
      <Filter>Generated Files\Release</Filter>
    </ClCompile>
    <ClCompile Include="GeneratedFiles\Debug\moc_databaseInfo.cpp">
      <Filter>Generated Files\Debug</Filter>
    </ClCompile>
    <ClCompile Include="GeneratedFiles\Release\moc_databaseInfo.cpp">
      <Filter>Generated Files\Release</Filter>
    </ClCompile>
    <ClCompile Include="GeneratedFiles\Debug\moc_wolInfo.cpp">
      <Filter>Generated Files\Debug</Filter>
    </ClCompile>
    <ClCompile Include="GeneratedFiles\Release\moc_wolInfo.cpp">
      <Filter>Generated Files\Release</Filter>
    </ClCompile>
    <ClCompile Include="GeneratedFiles\Debug\moc_service.cpp">
      <Filter>Generated Files\Debug</Filter>
    </ClCompile>
    <ClCompile Include="GeneratedFiles\Release\moc_service.cpp">
      <Filter>Generated Files\Release</Filter>
    </ClCompile>
    <ClCompile Include="GeneratedFiles\Debug\moc_settingList.cpp">
      <Filter>Generated Files\Debug</Filter>
    </ClCompile>
    <ClCompile Include="GeneratedFiles\Release\moc_settingList.cpp">
      <Filter>Generated Files\Release</Filter>
    </ClCompile>
    <ClCompile Include="GeneratedFiles\Debug\moc_mythServices.cpp">
      <Filter>Generated Files\Debug</Filter>
    </ClCompile>
    <ClCompile Include="GeneratedFiles\Release\moc_mythServices.cpp">
      <Filter>Generated Files\Release</Filter>
    </ClCompile>
    <ClCompile Include="GeneratedFiles\Debug\moc_guideServices.cpp">
      <Filter>Generated Files\Debug</Filter>
    </ClCompile>
    <ClCompile Include="GeneratedFiles\Release\moc_guideServices.cpp">
      <Filter>Generated Files\Release</Filter>
    </ClCompile>
    <ClCompile Include="GeneratedFiles\Debug\moc_programGuide.cpp">
      <Filter>Generated Files\Debug</Filter>
    </ClCompile>
    <ClCompile Include="GeneratedFiles\Release\moc_programGuide.cpp">
      <Filter>Generated Files\Release</Filter>
    </ClCompile>
    <ClCompile Include="GeneratedFiles\Debug\moc_recording.cpp">
      <Filter>Generated Files\Debug</Filter>
    </ClCompile>
    <ClCompile Include="GeneratedFiles\Release\moc_recording.cpp">
      <Filter>Generated Files\Release</Filter>
    </ClCompile>
    <ClCompile Include="GeneratedFiles\Debug\moc_programAndChannel.cpp">
      <Filter>Generated Files\Debug</Filter>
    </ClCompile>
    <ClCompile Include="GeneratedFiles\Release\moc_programAndChannel.cpp">
      <Filter>Generated Files\Release</Filter>
    </ClCompile>
    <ClCompile Include="GeneratedFiles\Debug\moc_contentServices.cpp">
      <Filter>Generated Files\Debug</Filter>
    </ClCompile>
    <ClCompile Include="GeneratedFiles\Release\moc_contentServices.cpp">
      <Filter>Generated Files\Release</Filter>
    </ClCompile>
    <ClCompile Include="GeneratedFiles\Debug\moc_encoder.cpp">
      <Filter>Generated Files\Debug</Filter>
    </ClCompile>
    <ClCompile Include="GeneratedFiles\Release\moc_encoder.cpp">
      <Filter>Generated Files\Release</Filter>
    </ClCompile>
    <ClCompile Include="GeneratedFiles\Debug\moc_encoderList.cpp">
      <Filter>Generated Files\Debug</Filter>
    </ClCompile>
    <ClCompile Include="GeneratedFiles\Release\moc_encoderList.cpp">
      <Filter>Generated Files\Release</Filter>
    </ClCompile>
    <ClCompile Include="GeneratedFiles\Debug\moc_dvrServices.cpp">
      <Filter>Generated Files\Debug</Filter>
    </ClCompile>
    <ClCompile Include="GeneratedFiles\Release\moc_dvrServices.cpp">
      <Filter>Generated Files\Release</Filter>
    </ClCompile>
    <ClCompile Include="GeneratedFiles\Debug\moc_programList.cpp">
      <Filter>Generated Files\Debug</Filter>
    </ClCompile>
    <ClCompile Include="GeneratedFiles\Release\moc_programList.cpp">
      <Filter>Generated Files\Release</Filter>
    </ClCompile>
    <ClCompile Include="GeneratedFiles\Debug\moc_storageGroupDir.cpp">
      <Filter>Generated Files\Debug</Filter>
    </ClCompile>
    <ClCompile Include="GeneratedFiles\Release\moc_storageGroupDir.cpp">
      <Filter>Generated Files\Release</Filter>
    </ClCompile>
    <ClCompile Include="GeneratedFiles\Debug\moc_storageGroupDirList.cpp">
      <Filter>Generated Files\Debug</Filter>
    </ClCompile>
    <ClCompile Include="GeneratedFiles\Release\moc_storageGroupDirList.cpp">
      <Filter>Generated Files\Release</Filter>
    </ClCompile>
    <ClCompile Include="GeneratedFiles\Debug\moc_channelServices.cpp">
      <Filter>Generated Files\Debug</Filter>
    </ClCompile>
    <ClCompile Include="GeneratedFiles\Release\moc_channelServices.cpp">
      <Filter>Generated Files\Release</Filter>
    </ClCompile>
    <ClCompile Include="GeneratedFiles\Debug\moc_channelInfoList.cpp">
      <Filter>Generated Files\Debug</Filter>
    </ClCompile>
    <ClCompile Include="GeneratedFiles\Release\moc_channelInfoList.cpp">
      <Filter>Generated Files\Release</Filter>
    </ClCompile>
    <ClCompile Include="GeneratedFiles\Debug\moc_videoSource.cpp">
      <Filter>Generated Files\Debug</Filter>
    </ClCompile>
    <ClCompile Include="GeneratedFiles\Release\moc_videoSource.cpp">
      <Filter>Generated Files\Release</Filter>
    </ClCompile>
    <ClCompile Include="GeneratedFiles\Debug\moc_videoSourceList.cpp">
      <Filter>Generated Files\Debug</Filter>
    </ClCompile>
    <ClCompile Include="GeneratedFiles\Release\moc_videoSourceList.cpp">
      <Filter>Generated Files\Release</Filter>
    </ClCompile>
    <ClCompile Include="GeneratedFiles\Debug\moc_videoMultiplex.cpp">
      <Filter>Generated Files\Debug</Filter>
    </ClCompile>
    <ClCompile Include="GeneratedFiles\Release\moc_videoMultiplex.cpp">
      <Filter>Generated Files\Release</Filter>
    </ClCompile>
    <ClCompile Include="GeneratedFiles\Debug\moc_videoMultiplexList.cpp">
      <Filter>Generated Files\Debug</Filter>
    </ClCompile>
    <ClCompile Include="GeneratedFiles\Release\moc_videoMultiplexList.cpp">
      <Filter>Generated Files\Release</Filter>
    </ClCompile>
    <ClCompile Include="GeneratedFiles\Debug\moc_videoServices.cpp">
      <Filter>Generated Files\Debug</Filter>
    </ClCompile>
    <ClCompile Include="GeneratedFiles\Release\moc_videoServices.cpp">
      <Filter>Generated Files\Release</Filter>
    </ClCompile>
    <ClCompile Include="GeneratedFiles\Debug\moc_videoMetadataInfo.cpp">
      <Filter>Generated Files\Debug</Filter>
    </ClCompile>
    <ClCompile Include="GeneratedFiles\Release\moc_videoMetadataInfo.cpp">
      <Filter>Generated Files\Release</Filter>
    </ClCompile>
    <ClCompile Include="GeneratedFiles\Debug\moc_videoMetadataInfoList.cpp">
      <Filter>Generated Files\Debug</Filter>
    </ClCompile>
    <ClCompile Include="GeneratedFiles\Release\moc_videoMetadataInfoList.cpp">
      <Filter>Generated Files\Release</Filter>
    </ClCompile>
    <ClCompile Include="GeneratedFiles\Debug\moc_blurayInfo.cpp">
      <Filter>Generated Files\Debug</Filter>
    </ClCompile>
    <ClCompile Include="GeneratedFiles\Release\moc_blurayInfo.cpp">
      <Filter>Generated Files\Release</Filter>
    </ClCompile>
    <ClCompile Include="GeneratedFiles\Debug\moc_timeZoneInfo.cpp">
      <Filter>Generated Files\Debug</Filter>
    </ClCompile>
    <ClCompile Include="GeneratedFiles\Release\moc_timeZoneInfo.cpp">
      <Filter>Generated Files\Release</Filter>
    </ClCompile>
    <ClCompile Include="GeneratedFiles\Debug\moc_artworkInfo.cpp">
      <Filter>Generated Files\Debug</Filter>
    </ClCompile>
    <ClCompile Include="GeneratedFiles\Release\moc_artworkInfo.cpp">
      <Filter>Generated Files\Release</Filter>
    </ClCompile>
    <ClCompile Include="GeneratedFiles\Debug\moc_artworkInfoList.cpp">
      <Filter>Generated Files\Debug</Filter>
    </ClCompile>
    <ClCompile Include="GeneratedFiles\Release\moc_artworkInfoList.cpp">
      <Filter>Generated Files\Release</Filter>
    </ClCompile>
    <ClCompile Include="GeneratedFiles\Debug\moc_captureCard.cpp">
      <Filter>Generated Files\Debug</Filter>
    </ClCompile>
    <ClCompile Include="GeneratedFiles\Release\moc_captureCard.cpp">
      <Filter>Generated Files\Release</Filter>
    </ClCompile>
    <ClCompile Include="GeneratedFiles\Debug\moc_captureCardList.cpp">
      <Filter>Generated Files\Debug</Filter>
    </ClCompile>
    <ClCompile Include="GeneratedFiles\Release\moc_captureCardList.cpp">
      <Filter>Generated Files\Release</Filter>
    </ClCompile>
    <ClCompile Include="GeneratedFiles\Debug\moc_frontendActionList.cpp">
      <Filter>Generated Files\Debug</Filter>
    </ClCompile>
    <ClCompile Include="GeneratedFiles\Release\moc_frontendActionList.cpp">
      <Filter>Generated Files\Release</Filter>
    </ClCompile>
    <ClCompile Include="GeneratedFiles\Debug\moc_frontendStatus.cpp">
      <Filter>Generated Files\Debug</Filter>
    </ClCompile>
    <ClCompile Include="GeneratedFiles\Release\moc_frontendStatus.cpp">
      <Filter>Generated Files\Release</Filter>
    </ClCompile>
    <ClCompile Include="GeneratedFiles\Debug\moc_lineup.cpp">
      <Filter>Generated Files\Debug</Filter>
    </ClCompile>
    <ClCompile Include="GeneratedFiles\Release\moc_lineup.cpp">
      <Filter>Generated Files\Release</Filter>
    </ClCompile>
    <ClCompile Include="GeneratedFiles\Debug\moc_liveStreamInfo.cpp">
      <Filter>Generated Files\Debug</Filter>
    </ClCompile>
    <ClCompile Include="GeneratedFiles\Release\moc_liveStreamInfo.cpp">
      <Filter>Generated Files\Release</Filter>
    </ClCompile>
    <ClCompile Include="GeneratedFiles\Debug\moc_liveStreamInfoList.cpp">
      <Filter>Generated Files\Debug</Filter>
    </ClCompile>
    <ClCompile Include="GeneratedFiles\Release\moc_liveStreamInfoList.cpp">
      <Filter>Generated Files\Release</Filter>
    </ClCompile>
    <ClCompile Include="GeneratedFiles\Debug\moc_recRule.cpp">
      <Filter>Generated Files\Debug</Filter>
    </ClCompile>
    <ClCompile Include="GeneratedFiles\Release\moc_recRule.cpp">
      <Filter>Generated Files\Release</Filter>
    </ClCompile>
    <ClCompile Include="GeneratedFiles\Debug\moc_recRuleList.cpp">
      <Filter>Generated Files\Debug</Filter>
    </ClCompile>
    <ClCompile Include="GeneratedFiles\Release\moc_recRuleList.cpp">
      <Filter>Generated Files\Release</Filter>
    </ClCompile>
    <ClCompile Include="GeneratedFiles\Debug\moc_versionInfo.cpp">
      <Filter>Generated Files\Debug</Filter>
    </ClCompile>
    <ClCompile Include="GeneratedFiles\Release\moc_versionInfo.cpp">
      <Filter>Generated Files\Release</Filter>
    </ClCompile>
    <ClCompile Include="GeneratedFiles\Debug\moc_videoLookupInfo.cpp">
      <Filter>Generated Files\Debug</Filter>
    </ClCompile>
    <ClCompile Include="GeneratedFiles\Release\moc_videoLookupInfo.cpp">
      <Filter>Generated Files\Release</Filter>
    </ClCompile>
    <ClCompile Include="GeneratedFiles\Debug\moc_videoLookupInfoList.cpp">
      <Filter>Generated Files\Debug</Filter>
    </ClCompile>
    <ClCompile Include="GeneratedFiles\Release\moc_videoLookupInfoList.cpp">
      <Filter>Generated Files\Release</Filter>
    </ClCompile>
    <ClCompile Include="GeneratedFiles\Debug\moc_captureServices.cpp">
      <Filter>Generated Files\Debug</Filter>
    </ClCompile>
    <ClCompile Include="GeneratedFiles\Release\moc_captureServices.cpp">
      <Filter>Generated Files\Release</Filter>
    </ClCompile>
    <ClCompile Include="GeneratedFiles\Debug\moc_frontendServices.cpp">
      <Filter>Generated Files\Debug</Filter>
    </ClCompile>
    <ClCompile Include="GeneratedFiles\Release\moc_frontendServices.cpp">
      <Filter>Generated Files\Release</Filter>
    </ClCompile>
    <ClCompile Include="GeneratedFiles\Debug\moc_labelValue.cpp">
      <Filter>Generated Files\Debug</Filter>
    </ClCompile>
    <ClCompile Include="GeneratedFiles\Release\moc_labelValue.cpp">
      <Filter>Generated Files\Release</Filter>
    </ClCompile>
    <ClCompile Include="GeneratedFiles\Debug\moc_logMessage.cpp">
      <Filter>Generated Files\Debug</Filter>
    </ClCompile>
    <ClCompile Include="GeneratedFiles\Release\moc_logMessage.cpp">
      <Filter>Generated Files\Release</Filter>
    </ClCompile>
    <ClCompile Include="GeneratedFiles\Debug\moc_logMessageList.cpp">
      <Filter>Generated Files\Debug</Filter>
    </ClCompile>
    <ClCompile Include="GeneratedFiles\Release\moc_logMessageList.cpp">
      <Filter>Generated Files\Release</Filter>
    </ClCompile>
  </ItemGroup>
  <ItemGroup>
    <ClInclude Include="$(mythtv_source)\mythtv\libs\libmythservicecontracts\serviceexp.h">
      <Filter>Header Files</Filter>
    </ClInclude>
    <ClInclude Include="$(mythtv_source)\mythtv\libs\libmythservicecontracts\datacontracthelper.h">
      <Filter>Header Files</Filter>
    </ClInclude>
  </ItemGroup>
</Project>